// !$*UTF8*$!
{
	archiveVersion = 1;
	classes = {
	};
	objectVersion = 56;
	objects = {

/* Begin PBXBuildFile section */
		0B419FC52B82436000498ACE /* CoreDataManager.swift in Sources */ = {isa = PBXBuildFile; fileRef = 0B419FC42B82436000498ACE /* CoreDataManager.swift */; };
		0B419FC62B82436000498ACE /* CoreDataManager.swift in Sources */ = {isa = PBXBuildFile; fileRef = 0B419FC42B82436000498ACE /* CoreDataManager.swift */; };
		0B419FC82B82451600498ACE /* FLCError.swift in Sources */ = {isa = PBXBuildFile; fileRef = 0B419FC72B82451600498ACE /* FLCError.swift */; };
		0B419FC92B82451600498ACE /* FLCError.swift in Sources */ = {isa = PBXBuildFile; fileRef = 0B419FC72B82451600498ACE /* FLCError.swift */; };
		0B419FCC2B82464000498ACE /* UITableView+Ext.swift in Sources */ = {isa = PBXBuildFile; fileRef = 0B419FCB2B82464000498ACE /* UITableView+Ext.swift */; };
		0B419FCD2B82464000498ACE /* UITableView+Ext.swift in Sources */ = {isa = PBXBuildFile; fileRef = 0B419FCB2B82464000498ACE /* UITableView+Ext.swift */; };
		0B419FD02B824BED00498ACE /* CalculationView.swift in Sources */ = {isa = PBXBuildFile; fileRef = 0B419FCF2B824BED00498ACE /* CalculationView.swift */; };
		0B419FD12B824BED00498ACE /* CalculationView.swift in Sources */ = {isa = PBXBuildFile; fileRef = 0B419FCF2B824BED00498ACE /* CalculationView.swift */; };
		0B419FD52B82546D00498ACE /* CalculationCell.swift in Sources */ = {isa = PBXBuildFile; fileRef = 0B419FD42B82546D00498ACE /* CalculationCell.swift */; };
		0B6E54282B810BA00078C110 /* AppDelegate.swift in Sources */ = {isa = PBXBuildFile; fileRef = 0B6E54272B810BA00078C110 /* AppDelegate.swift */; };
		0B6E542A2B810BA00078C110 /* SceneDelegate.swift in Sources */ = {isa = PBXBuildFile; fileRef = 0B6E54292B810BA00078C110 /* SceneDelegate.swift */; };
		0B6E54322B810BA00078C110 /* FLCCalculator.xcdatamodeld in Sources */ = {isa = PBXBuildFile; fileRef = 0B6E54302B810BA00078C110 /* FLCCalculator.xcdatamodeld */; };
		0B6E54342B810BA20078C110 /* Assets.xcassets in Resources */ = {isa = PBXBuildFile; fileRef = 0B6E54332B810BA20078C110 /* Assets.xcassets */; };
		0B6E54372B810BA20078C110 /* LaunchScreen.storyboard in Resources */ = {isa = PBXBuildFile; fileRef = 0B6E54352B810BA20078C110 /* LaunchScreen.storyboard */; };
		0B6E543F2B8110580078C110 /* FLCTabBarController.swift in Sources */ = {isa = PBXBuildFile; fileRef = 0B6E543E2B8110580078C110 /* FLCTabBarController.swift */; };
		0B6E54412B8110CB0078C110 /* CalculationsVC.swift in Sources */ = {isa = PBXBuildFile; fileRef = 0B6E54402B8110CB0078C110 /* CalculationsVC.swift */; };
		0B6E54432B8111C60078C110 /* UsefulInfoVC.swift in Sources */ = {isa = PBXBuildFile; fileRef = 0B6E54422B8111C60078C110 /* UsefulInfoVC.swift */; };
		0B6E54462B8115420078C110 /* Persistence.swift in Sources */ = {isa = PBXBuildFile; fileRef = 0B6E54452B8115420078C110 /* Persistence.swift */; };
		0B6E54482B811B0B0078C110 /* UserDefaults+Ext.swift in Sources */ = {isa = PBXBuildFile; fileRef = 0B6E54472B811B0B0078C110 /* UserDefaults+Ext.swift */; };
		0B6E54502B811B540078C110 /* WidgetKit.framework in Frameworks */ = {isa = PBXBuildFile; fileRef = 0B6E544F2B811B540078C110 /* WidgetKit.framework */; };
		0B6E54522B811B540078C110 /* SwiftUI.framework in Frameworks */ = {isa = PBXBuildFile; fileRef = 0B6E54512B811B540078C110 /* SwiftUI.framework */; };
		0B6E54552B811B540078C110 /* WidgetsBundle.swift in Sources */ = {isa = PBXBuildFile; fileRef = 0B6E54542B811B540078C110 /* WidgetsBundle.swift */; };
		0B6E54572B811B540078C110 /* Widgets.swift in Sources */ = {isa = PBXBuildFile; fileRef = 0B6E54562B811B540078C110 /* Widgets.swift */; };
		0B6E54592B811B550078C110 /* Assets.xcassets in Resources */ = {isa = PBXBuildFile; fileRef = 0B6E54582B811B550078C110 /* Assets.xcassets */; };
		0B6E545D2B811B550078C110 /* WidgetsExtension.appex in Embed Foundation Extensions */ = {isa = PBXBuildFile; fileRef = 0B6E544D2B811B540078C110 /* WidgetsExtension.appex */; settings = {ATTRIBUTES = (RemoveHeadersOnCopy, ); }; };
		0B6E54622B811B700078C110 /* Persistence.swift in Sources */ = {isa = PBXBuildFile; fileRef = 0B6E54452B8115420078C110 /* Persistence.swift */; };
		0B6E54682B811B8B0078C110 /* UserDefaults+Ext.swift in Sources */ = {isa = PBXBuildFile; fileRef = 0B6E54472B811B0B0078C110 /* UserDefaults+Ext.swift */; };
		0B6E54692B811B8F0078C110 /* FLCCalculator.xcdatamodeld in Sources */ = {isa = PBXBuildFile; fileRef = 0B6E54302B810BA00078C110 /* FLCCalculator.xcdatamodeld */; };
		0B6E546A2B811BA40078C110 /* Assets.xcassets in Resources */ = {isa = PBXBuildFile; fileRef = 0B6E54332B810BA20078C110 /* Assets.xcassets */; };
		0B6E54722B81228A0078C110 /* CalculationData.swift in Sources */ = {isa = PBXBuildFile; fileRef = 0B6E54712B81228A0078C110 /* CalculationData.swift */; };
		0B6E54732B81228A0078C110 /* CalculationData.swift in Sources */ = {isa = PBXBuildFile; fileRef = 0B6E54712B81228A0078C110 /* CalculationData.swift */; };
/* End PBXBuildFile section */

/* Begin PBXContainerItemProxy section */
		0B6E545B2B811B550078C110 /* PBXContainerItemProxy */ = {
			isa = PBXContainerItemProxy;
			containerPortal = 0B6E541C2B810BA00078C110 /* Project object */;
			proxyType = 1;
			remoteGlobalIDString = 0B6E544C2B811B540078C110;
			remoteInfo = WidgetsExtension;
		};
/* End PBXContainerItemProxy section */

/* Begin PBXCopyFilesBuildPhase section */
		0B6E54612B811B550078C110 /* Embed Foundation Extensions */ = {
			isa = PBXCopyFilesBuildPhase;
			buildActionMask = 2147483647;
			dstPath = "";
			dstSubfolderSpec = 13;
			files = (
				0B6E545D2B811B550078C110 /* WidgetsExtension.appex in Embed Foundation Extensions */,
			);
			name = "Embed Foundation Extensions";
			runOnlyForDeploymentPostprocessing = 0;
		};
/* End PBXCopyFilesBuildPhase section */

/* Begin PBXFileReference section */
		0B419FC42B82436000498ACE /* CoreDataManager.swift */ = {isa = PBXFileReference; lastKnownFileType = sourcecode.swift; path = CoreDataManager.swift; sourceTree = "<group>"; };
		0B419FC72B82451600498ACE /* FLCError.swift */ = {isa = PBXFileReference; lastKnownFileType = sourcecode.swift; path = FLCError.swift; sourceTree = "<group>"; };
		0B419FCB2B82464000498ACE /* UITableView+Ext.swift */ = {isa = PBXFileReference; lastKnownFileType = sourcecode.swift; path = "UITableView+Ext.swift"; sourceTree = "<group>"; };
		0B419FCF2B824BED00498ACE /* CalculationView.swift */ = {isa = PBXFileReference; lastKnownFileType = sourcecode.swift; path = CalculationView.swift; sourceTree = "<group>"; };
		0B419FD42B82546D00498ACE /* CalculationCell.swift */ = {isa = PBXFileReference; lastKnownFileType = sourcecode.swift; path = CalculationCell.swift; sourceTree = "<group>"; };
		0B6E54242B810BA00078C110 /* FLCCalculator.app */ = {isa = PBXFileReference; explicitFileType = wrapper.application; includeInIndex = 0; path = FLCCalculator.app; sourceTree = BUILT_PRODUCTS_DIR; };
		0B6E54272B810BA00078C110 /* AppDelegate.swift */ = {isa = PBXFileReference; lastKnownFileType = sourcecode.swift; path = AppDelegate.swift; sourceTree = "<group>"; };
		0B6E54292B810BA00078C110 /* SceneDelegate.swift */ = {isa = PBXFileReference; lastKnownFileType = sourcecode.swift; path = SceneDelegate.swift; sourceTree = "<group>"; };
		0B6E54312B810BA00078C110 /* FLCCalculator.xcdatamodel */ = {isa = PBXFileReference; lastKnownFileType = wrapper.xcdatamodel; path = FLCCalculator.xcdatamodel; sourceTree = "<group>"; };
		0B6E54332B810BA20078C110 /* Assets.xcassets */ = {isa = PBXFileReference; lastKnownFileType = folder.assetcatalog; path = Assets.xcassets; sourceTree = "<group>"; };
		0B6E54362B810BA20078C110 /* Base */ = {isa = PBXFileReference; lastKnownFileType = file.storyboard; name = Base; path = Base.lproj/LaunchScreen.storyboard; sourceTree = "<group>"; };
		0B6E54382B810BA20078C110 /* Info.plist */ = {isa = PBXFileReference; lastKnownFileType = text.plist.xml; path = Info.plist; sourceTree = "<group>"; };
		0B6E543E2B8110580078C110 /* FLCTabBarController.swift */ = {isa = PBXFileReference; lastKnownFileType = sourcecode.swift; path = FLCTabBarController.swift; sourceTree = "<group>"; };
		0B6E54402B8110CB0078C110 /* CalculationsVC.swift */ = {isa = PBXFileReference; lastKnownFileType = sourcecode.swift; path = CalculationsVC.swift; sourceTree = "<group>"; };
		0B6E54422B8111C60078C110 /* UsefulInfoVC.swift */ = {isa = PBXFileReference; lastKnownFileType = sourcecode.swift; path = UsefulInfoVC.swift; sourceTree = "<group>"; };
		0B6E54442B8114AB0078C110 /* FLCCalculator.entitlements */ = {isa = PBXFileReference; lastKnownFileType = text.plist.entitlements; path = FLCCalculator.entitlements; sourceTree = "<group>"; };
		0B6E54452B8115420078C110 /* Persistence.swift */ = {isa = PBXFileReference; lastKnownFileType = sourcecode.swift; path = Persistence.swift; sourceTree = "<group>"; };
		0B6E54472B811B0B0078C110 /* UserDefaults+Ext.swift */ = {isa = PBXFileReference; lastKnownFileType = sourcecode.swift; path = "UserDefaults+Ext.swift"; sourceTree = "<group>"; };
		0B6E544D2B811B540078C110 /* WidgetsExtension.appex */ = {isa = PBXFileReference; explicitFileType = "wrapper.app-extension"; includeInIndex = 0; path = WidgetsExtension.appex; sourceTree = BUILT_PRODUCTS_DIR; };
		0B6E544F2B811B540078C110 /* WidgetKit.framework */ = {isa = PBXFileReference; lastKnownFileType = wrapper.framework; name = WidgetKit.framework; path = System/Library/Frameworks/WidgetKit.framework; sourceTree = SDKROOT; };
		0B6E54512B811B540078C110 /* SwiftUI.framework */ = {isa = PBXFileReference; lastKnownFileType = wrapper.framework; name = SwiftUI.framework; path = System/Library/Frameworks/SwiftUI.framework; sourceTree = SDKROOT; };
		0B6E54542B811B540078C110 /* WidgetsBundle.swift */ = {isa = PBXFileReference; lastKnownFileType = sourcecode.swift; path = WidgetsBundle.swift; sourceTree = "<group>"; };
		0B6E54562B811B540078C110 /* Widgets.swift */ = {isa = PBXFileReference; lastKnownFileType = sourcecode.swift; path = Widgets.swift; sourceTree = "<group>"; };
		0B6E54582B811B550078C110 /* Assets.xcassets */ = {isa = PBXFileReference; lastKnownFileType = folder.assetcatalog; path = Assets.xcassets; sourceTree = "<group>"; };
		0B6E545A2B811B550078C110 /* Info.plist */ = {isa = PBXFileReference; lastKnownFileType = text.plist.xml; path = Info.plist; sourceTree = "<group>"; };
		0B6E54712B81228A0078C110 /* CalculationData.swift */ = {isa = PBXFileReference; lastKnownFileType = sourcecode.swift; path = CalculationData.swift; sourceTree = "<group>"; };
/* End PBXFileReference section */

/* Begin PBXFrameworksBuildPhase section */
		0B6E54212B810BA00078C110 /* Frameworks */ = {
			isa = PBXFrameworksBuildPhase;
			buildActionMask = 2147483647;
			files = (
			);
			runOnlyForDeploymentPostprocessing = 0;
		};
		0B6E544A2B811B540078C110 /* Frameworks */ = {
			isa = PBXFrameworksBuildPhase;
			buildActionMask = 2147483647;
			files = (
				0B6E54522B811B540078C110 /* SwiftUI.framework in Frameworks */,
				0B6E54502B811B540078C110 /* WidgetKit.framework in Frameworks */,
			);
			runOnlyForDeploymentPostprocessing = 0;
		};
/* End PBXFrameworksBuildPhase section */

/* Begin PBXGroup section */
		0B419FCA2B82451D00498ACE /* Utilities */ = {
			isa = PBXGroup;
			children = (
				0B419FC72B82451600498ACE /* FLCError.swift */,
			);
			path = Utilities;
			sourceTree = "<group>";
		};
		0B419FCE2B82468000498ACE /* Managers */ = {
			isa = PBXGroup;
			children = (
				0B419FC42B82436000498ACE /* CoreDataManager.swift */,
			);
			path = Managers;
			sourceTree = "<group>";
		};
		0B419FD22B82540000498ACE /* Cells */ = {
			isa = PBXGroup;
			children = (
				0B419FD32B82544800498ACE /* CalculationCell */,
			);
			path = Cells;
			sourceTree = "<group>";
		};
		0B419FD32B82544800498ACE /* CalculationCell */ = {
			isa = PBXGroup;
			children = (
				0B419FCF2B824BED00498ACE /* CalculationView.swift */,
				0B419FD42B82546D00498ACE /* CalculationCell.swift */,
			);
			path = CalculationCell;
			sourceTree = "<group>";
		};
		0B6E541B2B810BA00078C110 = {
			isa = PBXGroup;
			children = (
				0B6E54262B810BA00078C110 /* FLCCalculator */,
				0B6E54302B810BA00078C110 /* FLCCalculator.xcdatamodeld */,
				0B6E546D2B811C2E0078C110 /* Support */,
				0B6E54532B811B540078C110 /* Widgets */,
				0B6E544E2B811B540078C110 /* Frameworks */,
				0B6E54252B810BA00078C110 /* Products */,
			);
			sourceTree = "<group>";
		};
		0B6E54252B810BA00078C110 /* Products */ = {
			isa = PBXGroup;
			children = (
				0B6E54242B810BA00078C110 /* FLCCalculator.app */,
				0B6E544D2B811B540078C110 /* WidgetsExtension.appex */,
			);
			name = Products;
			sourceTree = "<group>";
		};
		0B6E54262B810BA00078C110 /* FLCCalculator */ = {
			isa = PBXGroup;
			children = (
				0B419FCA2B82451D00498ACE /* Utilities */,
				0B419FCE2B82468000498ACE /* Managers */,
				0B6E546F2B811C7F0078C110 /* CustomViews */,
				0B6E546E2B811C4A0078C110 /* Model */,
				0B6E546C2B811C060078C110 /* Screens */,
				0B6E546B2B811BFC0078C110 /* Extensions */,
				0B6E54442B8114AB0078C110 /* FLCCalculator.entitlements */,
				0B6E54382B810BA20078C110 /* Info.plist */,
			);
			path = FLCCalculator;
			sourceTree = "<group>";
		};
		0B6E544E2B811B540078C110 /* Frameworks */ = {
			isa = PBXGroup;
			children = (
				0B6E544F2B811B540078C110 /* WidgetKit.framework */,
				0B6E54512B811B540078C110 /* SwiftUI.framework */,
			);
			name = Frameworks;
			sourceTree = "<group>";
		};
		0B6E54532B811B540078C110 /* Widgets */ = {
			isa = PBXGroup;
			children = (
				0B6E54542B811B540078C110 /* WidgetsBundle.swift */,
				0B6E54562B811B540078C110 /* Widgets.swift */,
				0B6E54582B811B550078C110 /* Assets.xcassets */,
				0B6E545A2B811B550078C110 /* Info.plist */,
			);
			path = Widgets;
			sourceTree = "<group>";
		};
		0B6E546B2B811BFC0078C110 /* Extensions */ = {
			isa = PBXGroup;
			children = (
				0B6E54472B811B0B0078C110 /* UserDefaults+Ext.swift */,
				0B419FCB2B82464000498ACE /* UITableView+Ext.swift */,
			);
			path = Extensions;
			sourceTree = "<group>";
		};
		0B6E546C2B811C060078C110 /* Screens */ = {
			isa = PBXGroup;
			children = (
				0B6E54402B8110CB0078C110 /* CalculationsVC.swift */,
				0B6E54422B8111C60078C110 /* UsefulInfoVC.swift */,
			);
			path = Screens;
			sourceTree = "<group>";
		};
		0B6E546D2B811C2E0078C110 /* Support */ = {
			isa = PBXGroup;
			children = (
				0B6E54272B810BA00078C110 /* AppDelegate.swift */,
				0B6E54292B810BA00078C110 /* SceneDelegate.swift */,
				0B6E54332B810BA20078C110 /* Assets.xcassets */,
				0B6E54352B810BA20078C110 /* LaunchScreen.storyboard */,
			);
			path = Support;
			sourceTree = "<group>";
		};
		0B6E546E2B811C4A0078C110 /* Model */ = {
			isa = PBXGroup;
			children = (
				0B6E54452B8115420078C110 /* Persistence.swift */,
				0B6E54712B81228A0078C110 /* CalculationData.swift */,
			);
			path = Model;
			sourceTree = "<group>";
		};
		0B6E546F2B811C7F0078C110 /* CustomViews */ = {
			isa = PBXGroup;
			children = (
				0B419FD22B82540000498ACE /* Cells */,
				0B6E54702B811C8D0078C110 /* TabBarControllers */,
			);
			path = CustomViews;
			sourceTree = "<group>";
		};
		0B6E54702B811C8D0078C110 /* TabBarControllers */ = {
			isa = PBXGroup;
			children = (
				0B6E543E2B8110580078C110 /* FLCTabBarController.swift */,
			);
			path = TabBarControllers;
			sourceTree = "<group>";
		};
/* End PBXGroup section */

/* Begin PBXNativeTarget section */
		0B6E54232B810BA00078C110 /* FLCCalculator */ = {
			isa = PBXNativeTarget;
			buildConfigurationList = 0B6E543B2B810BA20078C110 /* Build configuration list for PBXNativeTarget "FLCCalculator" */;
			buildPhases = (
				0B6E54202B810BA00078C110 /* Sources */,
				0B6E54212B810BA00078C110 /* Frameworks */,
				0B6E54222B810BA00078C110 /* Resources */,
				0B6E54612B811B550078C110 /* Embed Foundation Extensions */,
			);
			buildRules = (
			);
			dependencies = (
				0B6E545C2B811B550078C110 /* PBXTargetDependency */,
			);
			name = FLCCalculator;
			productName = FLCCalculator;
			productReference = 0B6E54242B810BA00078C110 /* FLCCalculator.app */;
			productType = "com.apple.product-type.application";
		};
		0B6E544C2B811B540078C110 /* WidgetsExtension */ = {
			isa = PBXNativeTarget;
			buildConfigurationList = 0B6E545E2B811B550078C110 /* Build configuration list for PBXNativeTarget "WidgetsExtension" */;
			buildPhases = (
				0B6E54492B811B540078C110 /* Sources */,
				0B6E544A2B811B540078C110 /* Frameworks */,
				0B6E544B2B811B540078C110 /* Resources */,
			);
			buildRules = (
			);
			dependencies = (
			);
			name = WidgetsExtension;
			productName = WidgetsExtension;
			productReference = 0B6E544D2B811B540078C110 /* WidgetsExtension.appex */;
			productType = "com.apple.product-type.app-extension";
		};
/* End PBXNativeTarget section */

/* Begin PBXProject section */
		0B6E541C2B810BA00078C110 /* Project object */ = {
			isa = PBXProject;
			attributes = {
				BuildIndependentTargetsInParallel = 1;
				LastSwiftUpdateCheck = 1520;
				LastUpgradeCheck = 1520;
				TargetAttributes = {
					0B6E54232B810BA00078C110 = {
						CreatedOnToolsVersion = 15.2;
					};
					0B6E544C2B811B540078C110 = {
						CreatedOnToolsVersion = 15.2;
					};
				};
			};
			buildConfigurationList = 0B6E541F2B810BA00078C110 /* Build configuration list for PBXProject "FLCCalculator" */;
			compatibilityVersion = "Xcode 14.0";
			developmentRegion = en;
			hasScannedForEncodings = 0;
			knownRegions = (
				en,
				Base,
			);
			mainGroup = 0B6E541B2B810BA00078C110;
			productRefGroup = 0B6E54252B810BA00078C110 /* Products */;
			projectDirPath = "";
			projectRoot = "";
			targets = (
				0B6E54232B810BA00078C110 /* FLCCalculator */,
				0B6E544C2B811B540078C110 /* WidgetsExtension */,
			);
		};
/* End PBXProject section */

/* Begin PBXResourcesBuildPhase section */
		0B6E54222B810BA00078C110 /* Resources */ = {
			isa = PBXResourcesBuildPhase;
			buildActionMask = 2147483647;
			files = (
				0B6E54372B810BA20078C110 /* LaunchScreen.storyboard in Resources */,
				0B6E54342B810BA20078C110 /* Assets.xcassets in Resources */,
			);
			runOnlyForDeploymentPostprocessing = 0;
		};
		0B6E544B2B811B540078C110 /* Resources */ = {
			isa = PBXResourcesBuildPhase;
			buildActionMask = 2147483647;
			files = (
				0B6E546A2B811BA40078C110 /* Assets.xcassets in Resources */,
				0B6E54592B811B550078C110 /* Assets.xcassets in Resources */,
			);
			runOnlyForDeploymentPostprocessing = 0;
		};
/* End PBXResourcesBuildPhase section */

/* Begin PBXSourcesBuildPhase section */
		0B6E54202B810BA00078C110 /* Sources */ = {
			isa = PBXSourcesBuildPhase;
			buildActionMask = 2147483647;
			files = (
				0B6E543F2B8110580078C110 /* FLCTabBarController.swift in Sources */,
				0B419FD02B824BED00498ACE /* CalculationView.swift in Sources */,
				0B6E54412B8110CB0078C110 /* CalculationsVC.swift in Sources */,
				0B419FC82B82451600498ACE /* FLCError.swift in Sources */,
				0B6E54322B810BA00078C110 /* FLCCalculator.xcdatamodeld in Sources */,
				0B419FD52B82546D00498ACE /* CalculationCell.swift in Sources */,
				0B6E54462B8115420078C110 /* Persistence.swift in Sources */,
				0B6E54482B811B0B0078C110 /* UserDefaults+Ext.swift in Sources */,
				0B6E54282B810BA00078C110 /* AppDelegate.swift in Sources */,
				0B6E542A2B810BA00078C110 /* SceneDelegate.swift in Sources */,
				0B6E54722B81228A0078C110 /* CalculationData.swift in Sources */,
				0B419FCC2B82464000498ACE /* UITableView+Ext.swift in Sources */,
				0B419FC52B82436000498ACE /* CoreDataManager.swift in Sources */,
				0B6E54432B8111C60078C110 /* UsefulInfoVC.swift in Sources */,
			);
			runOnlyForDeploymentPostprocessing = 0;
		};
		0B6E54492B811B540078C110 /* Sources */ = {
			isa = PBXSourcesBuildPhase;
			buildActionMask = 2147483647;
			files = (
				0B6E54732B81228A0078C110 /* CalculationData.swift in Sources */,
				0B6E54622B811B700078C110 /* Persistence.swift in Sources */,
				0B6E54552B811B540078C110 /* WidgetsBundle.swift in Sources */,
				0B419FC92B82451600498ACE /* FLCError.swift in Sources */,
				0B419FCD2B82464000498ACE /* UITableView+Ext.swift in Sources */,
				0B6E54572B811B540078C110 /* Widgets.swift in Sources */,
				0B6E54682B811B8B0078C110 /* UserDefaults+Ext.swift in Sources */,
				0B6E54692B811B8F0078C110 /* FLCCalculator.xcdatamodeld in Sources */,
				0B419FD12B824BED00498ACE /* CalculationView.swift in Sources */,
				0B419FC62B82436000498ACE /* CoreDataManager.swift in Sources */,
			);
			runOnlyForDeploymentPostprocessing = 0;
		};
/* End PBXSourcesBuildPhase section */

/* Begin PBXTargetDependency section */
		0B6E545C2B811B550078C110 /* PBXTargetDependency */ = {
			isa = PBXTargetDependency;
			target = 0B6E544C2B811B540078C110 /* WidgetsExtension */;
			targetProxy = 0B6E545B2B811B550078C110 /* PBXContainerItemProxy */;
		};
/* End PBXTargetDependency section */

/* Begin PBXVariantGroup section */
		0B6E54352B810BA20078C110 /* LaunchScreen.storyboard */ = {
			isa = PBXVariantGroup;
			children = (
				0B6E54362B810BA20078C110 /* Base */,
			);
			name = LaunchScreen.storyboard;
			sourceTree = "<group>";
		};
/* End PBXVariantGroup section */

/* Begin XCBuildConfiguration section */
		0B6E54392B810BA20078C110 /* Debug */ = {
			isa = XCBuildConfiguration;
			buildSettings = {
				ALWAYS_SEARCH_USER_PATHS = NO;
				ASSETCATALOG_COMPILER_GENERATE_SWIFT_ASSET_SYMBOL_EXTENSIONS = YES;
				CLANG_ANALYZER_NONNULL = YES;
				CLANG_ANALYZER_NUMBER_OBJECT_CONVERSION = YES_AGGRESSIVE;
				CLANG_CXX_LANGUAGE_STANDARD = "gnu++20";
				CLANG_ENABLE_MODULES = YES;
				CLANG_ENABLE_OBJC_ARC = YES;
				CLANG_ENABLE_OBJC_WEAK = YES;
				CLANG_WARN_BLOCK_CAPTURE_AUTORELEASING = YES;
				CLANG_WARN_BOOL_CONVERSION = YES;
				CLANG_WARN_COMMA = YES;
				CLANG_WARN_CONSTANT_CONVERSION = YES;
				CLANG_WARN_DEPRECATED_OBJC_IMPLEMENTATIONS = YES;
				CLANG_WARN_DIRECT_OBJC_ISA_USAGE = YES_ERROR;
				CLANG_WARN_DOCUMENTATION_COMMENTS = YES;
				CLANG_WARN_EMPTY_BODY = YES;
				CLANG_WARN_ENUM_CONVERSION = YES;
				CLANG_WARN_INFINITE_RECURSION = YES;
				CLANG_WARN_INT_CONVERSION = YES;
				CLANG_WARN_NON_LITERAL_NULL_CONVERSION = YES;
				CLANG_WARN_OBJC_IMPLICIT_RETAIN_SELF = YES;
				CLANG_WARN_OBJC_LITERAL_CONVERSION = YES;
				CLANG_WARN_OBJC_ROOT_CLASS = YES_ERROR;
				CLANG_WARN_QUOTED_INCLUDE_IN_FRAMEWORK_HEADER = YES;
				CLANG_WARN_RANGE_LOOP_ANALYSIS = YES;
				CLANG_WARN_STRICT_PROTOTYPES = YES;
				CLANG_WARN_SUSPICIOUS_MOVE = YES;
				CLANG_WARN_UNGUARDED_AVAILABILITY = YES_AGGRESSIVE;
				CLANG_WARN_UNREACHABLE_CODE = YES;
				CLANG_WARN__DUPLICATE_METHOD_MATCH = YES;
				COPY_PHASE_STRIP = NO;
				DEBUG_INFORMATION_FORMAT = dwarf;
				ENABLE_STRICT_OBJC_MSGSEND = YES;
				ENABLE_TESTABILITY = YES;
				ENABLE_USER_SCRIPT_SANDBOXING = YES;
				GCC_C_LANGUAGE_STANDARD = gnu17;
				GCC_DYNAMIC_NO_PIC = NO;
				GCC_NO_COMMON_BLOCKS = YES;
				GCC_OPTIMIZATION_LEVEL = 0;
				GCC_PREPROCESSOR_DEFINITIONS = (
					"DEBUG=1",
					"$(inherited)",
				);
				GCC_WARN_64_TO_32_BIT_CONVERSION = YES;
				GCC_WARN_ABOUT_RETURN_TYPE = YES_ERROR;
				GCC_WARN_UNDECLARED_SELECTOR = YES;
				GCC_WARN_UNINITIALIZED_AUTOS = YES_AGGRESSIVE;
				GCC_WARN_UNUSED_FUNCTION = YES;
				GCC_WARN_UNUSED_VARIABLE = YES;
				IPHONEOS_DEPLOYMENT_TARGET = 16.0;
				LOCALIZATION_PREFERS_STRING_CATALOGS = YES;
				MTL_ENABLE_DEBUG_INFO = INCLUDE_SOURCE;
				MTL_FAST_MATH = YES;
				ONLY_ACTIVE_ARCH = YES;
				SDKROOT = iphoneos;
				SWIFT_ACTIVE_COMPILATION_CONDITIONS = "DEBUG $(inherited)";
				SWIFT_OPTIMIZATION_LEVEL = "-Onone";
			};
			name = Debug;
		};
		0B6E543A2B810BA20078C110 /* Release */ = {
			isa = XCBuildConfiguration;
			buildSettings = {
				ALWAYS_SEARCH_USER_PATHS = NO;
				ASSETCATALOG_COMPILER_GENERATE_SWIFT_ASSET_SYMBOL_EXTENSIONS = YES;
				CLANG_ANALYZER_NONNULL = YES;
				CLANG_ANALYZER_NUMBER_OBJECT_CONVERSION = YES_AGGRESSIVE;
				CLANG_CXX_LANGUAGE_STANDARD = "gnu++20";
				CLANG_ENABLE_MODULES = YES;
				CLANG_ENABLE_OBJC_ARC = YES;
				CLANG_ENABLE_OBJC_WEAK = YES;
				CLANG_WARN_BLOCK_CAPTURE_AUTORELEASING = YES;
				CLANG_WARN_BOOL_CONVERSION = YES;
				CLANG_WARN_COMMA = YES;
				CLANG_WARN_CONSTANT_CONVERSION = YES;
				CLANG_WARN_DEPRECATED_OBJC_IMPLEMENTATIONS = YES;
				CLANG_WARN_DIRECT_OBJC_ISA_USAGE = YES_ERROR;
				CLANG_WARN_DOCUMENTATION_COMMENTS = YES;
				CLANG_WARN_EMPTY_BODY = YES;
				CLANG_WARN_ENUM_CONVERSION = YES;
				CLANG_WARN_INFINITE_RECURSION = YES;
				CLANG_WARN_INT_CONVERSION = YES;
				CLANG_WARN_NON_LITERAL_NULL_CONVERSION = YES;
				CLANG_WARN_OBJC_IMPLICIT_RETAIN_SELF = YES;
				CLANG_WARN_OBJC_LITERAL_CONVERSION = YES;
				CLANG_WARN_OBJC_ROOT_CLASS = YES_ERROR;
				CLANG_WARN_QUOTED_INCLUDE_IN_FRAMEWORK_HEADER = YES;
				CLANG_WARN_RANGE_LOOP_ANALYSIS = YES;
				CLANG_WARN_STRICT_PROTOTYPES = YES;
				CLANG_WARN_SUSPICIOUS_MOVE = YES;
				CLANG_WARN_UNGUARDED_AVAILABILITY = YES_AGGRESSIVE;
				CLANG_WARN_UNREACHABLE_CODE = YES;
				CLANG_WARN__DUPLICATE_METHOD_MATCH = YES;
				COPY_PHASE_STRIP = NO;
				DEBUG_INFORMATION_FORMAT = "dwarf-with-dsym";
				ENABLE_NS_ASSERTIONS = NO;
				ENABLE_STRICT_OBJC_MSGSEND = YES;
				ENABLE_USER_SCRIPT_SANDBOXING = YES;
				GCC_C_LANGUAGE_STANDARD = gnu17;
				GCC_NO_COMMON_BLOCKS = YES;
				GCC_WARN_64_TO_32_BIT_CONVERSION = YES;
				GCC_WARN_ABOUT_RETURN_TYPE = YES_ERROR;
				GCC_WARN_UNDECLARED_SELECTOR = YES;
				GCC_WARN_UNINITIALIZED_AUTOS = YES_AGGRESSIVE;
				GCC_WARN_UNUSED_FUNCTION = YES;
				GCC_WARN_UNUSED_VARIABLE = YES;
				IPHONEOS_DEPLOYMENT_TARGET = 16.0;
				LOCALIZATION_PREFERS_STRING_CATALOGS = YES;
				MTL_ENABLE_DEBUG_INFO = NO;
				MTL_FAST_MATH = YES;
				SDKROOT = iphoneos;
				SWIFT_COMPILATION_MODE = wholemodule;
				VALIDATE_PRODUCT = YES;
			};
			name = Release;
		};
		0B6E543C2B810BA20078C110 /* Debug */ = {
			isa = XCBuildConfiguration;
			buildSettings = {
				ALWAYS_EMBED_SWIFT_STANDARD_LIBRARIES = YES;
				ASSETCATALOG_COMPILER_APPICON_NAME = AppIcon;
				ASSETCATALOG_COMPILER_GLOBAL_ACCENT_COLOR_NAME = AccentColor;
				CODE_SIGN_ENTITLEMENTS = FLCCalculator/FLCCalculator.entitlements;
				CODE_SIGN_STYLE = Automatic;
				CURRENT_PROJECT_VERSION = 1;
				DEVELOPMENT_TEAM = Y43668Q2S4;
				GENERATE_INFOPLIST_FILE = YES;
				INFOPLIST_FILE = FLCCalculator/Info.plist;
				INFOPLIST_KEY_CFBundleDisplayName = "FLC Calculator";
				INFOPLIST_KEY_LSApplicationCategoryType = "public.app-category.business";
				INFOPLIST_KEY_UIApplicationSupportsIndirectInputEvents = YES;
				INFOPLIST_KEY_UILaunchStoryboardName = LaunchScreen.storyboard;
				INFOPLIST_KEY_UISupportedInterfaceOrientations = UIInterfaceOrientationPortrait;
				INFOPLIST_KEY_UISupportedInterfaceOrientations_iPad = "UIInterfaceOrientationLandscapeLeft UIInterfaceOrientationLandscapeRight UIInterfaceOrientationPortrait UIInterfaceOrientationPortraitUpsideDown";
				IPHONEOS_DEPLOYMENT_TARGET = 16.0;
				LD_RUNPATH_SEARCH_PATHS = (
					"$(inherited)",
					"@executable_path/Frameworks",
				);
				MARKETING_VERSION = 1.0;
				PRODUCT_BUNDLE_IDENTIFIER = ru.igorcodes.FLCCalculator;
				PRODUCT_NAME = "$(TARGET_NAME)";
				SUPPORTED_PLATFORMS = "iphoneos iphonesimulator";
				SUPPORTS_MACCATALYST = NO;
				SUPPORTS_MAC_DESIGNED_FOR_IPHONE_IPAD = NO;
				SUPPORTS_XR_DESIGNED_FOR_IPHONE_IPAD = NO;
				SWIFT_EMIT_LOC_STRINGS = YES;
				SWIFT_VERSION = 5.0;
				TARGETED_DEVICE_FAMILY = 1;
			};
			name = Debug;
		};
		0B6E543D2B810BA20078C110 /* Release */ = {
			isa = XCBuildConfiguration;
			buildSettings = {
				ALWAYS_EMBED_SWIFT_STANDARD_LIBRARIES = YES;
				ASSETCATALOG_COMPILER_APPICON_NAME = AppIcon;
				ASSETCATALOG_COMPILER_GLOBAL_ACCENT_COLOR_NAME = AccentColor;
				CODE_SIGN_ENTITLEMENTS = FLCCalculator/FLCCalculator.entitlements;
				CODE_SIGN_STYLE = Automatic;
				CURRENT_PROJECT_VERSION = 1;
				DEVELOPMENT_TEAM = Y43668Q2S4;
				GENERATE_INFOPLIST_FILE = YES;
				INFOPLIST_FILE = FLCCalculator/Info.plist;
				INFOPLIST_KEY_CFBundleDisplayName = "FLC Calculator";
				INFOPLIST_KEY_LSApplicationCategoryType = "public.app-category.business";
				INFOPLIST_KEY_UIApplicationSupportsIndirectInputEvents = YES;
				INFOPLIST_KEY_UILaunchStoryboardName = LaunchScreen.storyboard;
				INFOPLIST_KEY_UISupportedInterfaceOrientations = UIInterfaceOrientationPortrait;
				INFOPLIST_KEY_UISupportedInterfaceOrientations_iPad = "UIInterfaceOrientationLandscapeLeft UIInterfaceOrientationLandscapeRight UIInterfaceOrientationPortrait UIInterfaceOrientationPortraitUpsideDown";
				IPHONEOS_DEPLOYMENT_TARGET = 16.0;
				LD_RUNPATH_SEARCH_PATHS = (
					"$(inherited)",
					"@executable_path/Frameworks",
				);
				MARKETING_VERSION = 1.0;
				PRODUCT_BUNDLE_IDENTIFIER = ru.igorcodes.FLCCalculator;
				PRODUCT_NAME = "$(TARGET_NAME)";
				SUPPORTED_PLATFORMS = "iphoneos iphonesimulator";
				SUPPORTS_MACCATALYST = NO;
				SUPPORTS_MAC_DESIGNED_FOR_IPHONE_IPAD = NO;
				SUPPORTS_XR_DESIGNED_FOR_IPHONE_IPAD = NO;
				SWIFT_EMIT_LOC_STRINGS = YES;
				SWIFT_VERSION = 5.0;
				TARGETED_DEVICE_FAMILY = 1;
			};
			name = Release;
		};
		0B6E545F2B811B550078C110 /* Debug */ = {
			isa = XCBuildConfiguration;
			buildSettings = {
				ASSETCATALOG_COMPILER_GLOBAL_ACCENT_COLOR_NAME = AccentColor;
				ASSETCATALOG_COMPILER_WIDGET_BACKGROUND_COLOR_NAME = WidgetBackground;
				CODE_SIGN_STYLE = Automatic;
				CURRENT_PROJECT_VERSION = 1;
				DEVELOPMENT_TEAM = Y43668Q2S4;
				GENERATE_INFOPLIST_FILE = YES;
				INFOPLIST_FILE = Widgets/Info.plist;
				INFOPLIST_KEY_CFBundleDisplayName = Widgets;
				INFOPLIST_KEY_NSHumanReadableCopyright = "";
				IPHONEOS_DEPLOYMENT_TARGET = 16.0;
				LD_RUNPATH_SEARCH_PATHS = (
					"$(inherited)",
					"@executable_path/Frameworks",
					"@executable_path/../../Frameworks",
				);
				MARKETING_VERSION = 1.0;
				PRODUCT_BUNDLE_IDENTIFIER = ru.igorcodes.FLCCalculator.Widgets;
				PRODUCT_NAME = "$(TARGET_NAME)";
				SKIP_INSTALL = YES;
				SWIFT_EMIT_LOC_STRINGS = YES;
				SWIFT_VERSION = 5.0;
				TARGETED_DEVICE_FAMILY = "1,2";
			};
			name = Debug;
		};
		0B6E54602B811B550078C110 /* Release */ = {
			isa = XCBuildConfiguration;
			buildSettings = {
				ASSETCATALOG_COMPILER_GLOBAL_ACCENT_COLOR_NAME = AccentColor;
				ASSETCATALOG_COMPILER_WIDGET_BACKGROUND_COLOR_NAME = WidgetBackground;
				CODE_SIGN_STYLE = Automatic;
				CURRENT_PROJECT_VERSION = 1;
				DEVELOPMENT_TEAM = Y43668Q2S4;
				GENERATE_INFOPLIST_FILE = YES;
				INFOPLIST_FILE = Widgets/Info.plist;
				INFOPLIST_KEY_CFBundleDisplayName = Widgets;
				INFOPLIST_KEY_NSHumanReadableCopyright = "";
				IPHONEOS_DEPLOYMENT_TARGET = 16.0;
				LD_RUNPATH_SEARCH_PATHS = (
					"$(inherited)",
					"@executable_path/Frameworks",
					"@executable_path/../../Frameworks",
				);
				MARKETING_VERSION = 1.0;
				PRODUCT_BUNDLE_IDENTIFIER = ru.igorcodes.FLCCalculator.Widgets;
				PRODUCT_NAME = "$(TARGET_NAME)";
				SKIP_INSTALL = YES;
				SWIFT_EMIT_LOC_STRINGS = YES;
				SWIFT_VERSION = 5.0;
				TARGETED_DEVICE_FAMILY = "1,2";
			};
			name = Release;
		};
/* End XCBuildConfiguration section */

/* Begin XCConfigurationList section */
		0B6E541F2B810BA00078C110 /* Build configuration list for PBXProject "FLCCalculator" */ = {
			isa = XCConfigurationList;
			buildConfigurations = (
				0B6E54392B810BA20078C110 /* Debug */,
				0B6E543A2B810BA20078C110 /* Release */,
			);
			defaultConfigurationIsVisible = 0;
			defaultConfigurationName = Release;
		};
		0B6E543B2B810BA20078C110 /* Build configuration list for PBXNativeTarget "FLCCalculator" */ = {
			isa = XCConfigurationList;
			buildConfigurations = (
				0B6E543C2B810BA20078C110 /* Debug */,
				0B6E543D2B810BA20078C110 /* Release */,
			);
			defaultConfigurationIsVisible = 0;
			defaultConfigurationName = Release;
		};
		0B6E545E2B811B550078C110 /* Build configuration list for PBXNativeTarget "WidgetsExtension" */ = {
			isa = XCConfigurationList;
			buildConfigurations = (
				0B6E545F2B811B550078C110 /* Debug */,
				0B6E54602B811B550078C110 /* Release */,
			);
			defaultConfigurationIsVisible = 0;
			defaultConfigurationName = Release;
		};
/* End XCConfigurationList section */

/* Begin XCVersionGroup section */
		0B6E54302B810BA00078C110 /* FLCCalculator.xcdatamodeld */ = {
			isa = XCVersionGroup;
			children = (
				0B6E54312B810BA00078C110 /* FLCCalculator.xcdatamodel */,
			);
			currentVersion = 0B6E54312B810BA00078C110 /* FLCCalculator.xcdatamodel */;
			path = FLCCalculator.xcdatamodeld;
			sourceTree = "<group>";
			versionGroupType = wrapper.xcdatamodel;
		};
/* End XCVersionGroup section */
	};
	rootObject = 0B6E541C2B810BA00078C110 /* Project object */;
}
