// !$*UTF8*$!
{
	archiveVersion = 1;
	classes = {
	};
	objectVersion = 56;
	objects = {

/* Begin PBXBuildFile section */
		0B2002B12B9DCE7B00B8DF5C /* Constants.swift in Sources */ = {isa = PBXBuildFile; fileRef = 0B2002B02B9DCE7B00B8DF5C /* Constants.swift */; };
		0B2002B32B9E0B3500B8DF5C /* NetworkManager.swift in Sources */ = {isa = PBXBuildFile; fileRef = 0B2002B22B9E0B3500B8DF5C /* NetworkManager.swift */; };
		0B2002B42B9E0D5100B8DF5C /* NetworkManager.swift in Sources */ = {isa = PBXBuildFile; fileRef = 0B2002B22B9E0B3500B8DF5C /* NetworkManager.swift */; };
		0B2130622BA4B51E00A30394 /* FLCTintedView.swift in Sources */ = {isa = PBXBuildFile; fileRef = 0B2130612BA4B51E00A30394 /* FLCTintedView.swift */; };
		0B32F16B2B93465D004BAB46 /* FLCPickerItem.swift in Sources */ = {isa = PBXBuildFile; fileRef = 0B32F16A2B93465D004BAB46 /* FLCPickerItem.swift */; };
		0B32F16C2B93477D004BAB46 /* FLCPickerItem.swift in Sources */ = {isa = PBXBuildFile; fileRef = 0B32F16A2B93465D004BAB46 /* FLCPickerItem.swift */; };
		0B32F16E2B9351C7004BAB46 /* FLCCalculationView.swift in Sources */ = {isa = PBXBuildFile; fileRef = 0B32F16D2B9351C7004BAB46 /* FLCCalculationView.swift */; };
		0B32F1722B93862F004BAB46 /* Enums.swift in Sources */ = {isa = PBXBuildFile; fileRef = 0BD06AFA2B8E6A1B00942651 /* Enums.swift */; };
		0B33016F2B8D13FF00737A11 /* ListPickerCell.swift in Sources */ = {isa = PBXBuildFile; fileRef = 0B33016E2B8D13FF00737A11 /* ListPickerCell.swift */; };
		0B3301712B8D14D500737A11 /* FLCBodyLabel.swift in Sources */ = {isa = PBXBuildFile; fileRef = 0B3301702B8D14D500737A11 /* FLCBodyLabel.swift */; };
		0B419FC52B82436000498ACE /* CoreDataManager.swift in Sources */ = {isa = PBXBuildFile; fileRef = 0B419FC42B82436000498ACE /* CoreDataManager.swift */; };
		0B419FC62B82436000498ACE /* CoreDataManager.swift in Sources */ = {isa = PBXBuildFile; fileRef = 0B419FC42B82436000498ACE /* CoreDataManager.swift */; };
		0B419FC82B82451600498ACE /* FLCError.swift in Sources */ = {isa = PBXBuildFile; fileRef = 0B419FC72B82451600498ACE /* FLCError.swift */; };
		0B419FC92B82451600498ACE /* FLCError.swift in Sources */ = {isa = PBXBuildFile; fileRef = 0B419FC72B82451600498ACE /* FLCError.swift */; };
		0B419FCC2B82464000498ACE /* UITableView+Ext.swift in Sources */ = {isa = PBXBuildFile; fileRef = 0B419FCB2B82464000498ACE /* UITableView+Ext.swift */; };
		0B419FCD2B82464000498ACE /* UITableView+Ext.swift in Sources */ = {isa = PBXBuildFile; fileRef = 0B419FCB2B82464000498ACE /* UITableView+Ext.swift */; };
		0B419FD02B824BED00498ACE /* CalculationView.swift in Sources */ = {isa = PBXBuildFile; fileRef = 0B419FCF2B824BED00498ACE /* CalculationView.swift */; };
		0B419FD12B824BED00498ACE /* CalculationView.swift in Sources */ = {isa = PBXBuildFile; fileRef = 0B419FCF2B824BED00498ACE /* CalculationView.swift */; };
		0B419FD52B82546D00498ACE /* CalculationCell.swift in Sources */ = {isa = PBXBuildFile; fileRef = 0B419FD42B82546D00498ACE /* CalculationCell.swift */; };
		0B630DD72B87DBB50007636D /* FLCListPickerButton.swift in Sources */ = {isa = PBXBuildFile; fileRef = 0B630DD62B87DBB50007636D /* FLCListPickerButton.swift */; };
		0B6E54282B810BA00078C110 /* AppDelegate.swift in Sources */ = {isa = PBXBuildFile; fileRef = 0B6E54272B810BA00078C110 /* AppDelegate.swift */; };
		0B6E542A2B810BA00078C110 /* SceneDelegate.swift in Sources */ = {isa = PBXBuildFile; fileRef = 0B6E54292B810BA00078C110 /* SceneDelegate.swift */; };
		0B6E54322B810BA00078C110 /* FLCCalculator.xcdatamodeld in Sources */ = {isa = PBXBuildFile; fileRef = 0B6E54302B810BA00078C110 /* FLCCalculator.xcdatamodeld */; };
		0B6E54342B810BA20078C110 /* Assets.xcassets in Resources */ = {isa = PBXBuildFile; fileRef = 0B6E54332B810BA20078C110 /* Assets.xcassets */; };
		0B6E54372B810BA20078C110 /* LaunchScreen.storyboard in Resources */ = {isa = PBXBuildFile; fileRef = 0B6E54352B810BA20078C110 /* LaunchScreen.storyboard */; };
		0B6E543F2B8110580078C110 /* FLCTabBarController.swift in Sources */ = {isa = PBXBuildFile; fileRef = 0B6E543E2B8110580078C110 /* FLCTabBarController.swift */; };
		0B6E54412B8110CB0078C110 /* CalculationsVC.swift in Sources */ = {isa = PBXBuildFile; fileRef = 0B6E54402B8110CB0078C110 /* CalculationsVC.swift */; };
		0B6E54432B8111C60078C110 /* UsefulInfoVC.swift in Sources */ = {isa = PBXBuildFile; fileRef = 0B6E54422B8111C60078C110 /* UsefulInfoVC.swift */; };
		0B6E54462B8115420078C110 /* Persistence.swift in Sources */ = {isa = PBXBuildFile; fileRef = 0B6E54452B8115420078C110 /* Persistence.swift */; };
		0B6E54482B811B0B0078C110 /* UserDefaults+Ext.swift in Sources */ = {isa = PBXBuildFile; fileRef = 0B6E54472B811B0B0078C110 /* UserDefaults+Ext.swift */; };
		0B6E54502B811B540078C110 /* WidgetKit.framework in Frameworks */ = {isa = PBXBuildFile; fileRef = 0B6E544F2B811B540078C110 /* WidgetKit.framework */; };
		0B6E54522B811B540078C110 /* SwiftUI.framework in Frameworks */ = {isa = PBXBuildFile; fileRef = 0B6E54512B811B540078C110 /* SwiftUI.framework */; };
		0B6E54552B811B540078C110 /* WidgetsBundle.swift in Sources */ = {isa = PBXBuildFile; fileRef = 0B6E54542B811B540078C110 /* WidgetsBundle.swift */; };
		0B6E54572B811B540078C110 /* Widgets.swift in Sources */ = {isa = PBXBuildFile; fileRef = 0B6E54562B811B540078C110 /* Widgets.swift */; };
		0B6E54592B811B550078C110 /* Assets.xcassets in Resources */ = {isa = PBXBuildFile; fileRef = 0B6E54582B811B550078C110 /* Assets.xcassets */; };
		0B6E545D2B811B550078C110 /* WidgetsExtension.appex in Embed Foundation Extensions */ = {isa = PBXBuildFile; fileRef = 0B6E544D2B811B540078C110 /* WidgetsExtension.appex */; settings = {ATTRIBUTES = (RemoveHeadersOnCopy, ); }; };
		0B6E54622B811B700078C110 /* Persistence.swift in Sources */ = {isa = PBXBuildFile; fileRef = 0B6E54452B8115420078C110 /* Persistence.swift */; };
		0B6E54682B811B8B0078C110 /* UserDefaults+Ext.swift in Sources */ = {isa = PBXBuildFile; fileRef = 0B6E54472B811B0B0078C110 /* UserDefaults+Ext.swift */; };
		0B6E54692B811B8F0078C110 /* FLCCalculator.xcdatamodeld in Sources */ = {isa = PBXBuildFile; fileRef = 0B6E54302B810BA00078C110 /* FLCCalculator.xcdatamodeld */; };
		0B6E546A2B811BA40078C110 /* Assets.xcassets in Resources */ = {isa = PBXBuildFile; fileRef = 0B6E54332B810BA20078C110 /* Assets.xcassets */; };
		0B6E54722B81228A0078C110 /* CalculationInfo.swift in Sources */ = {isa = PBXBuildFile; fileRef = 0B6E54712B81228A0078C110 /* CalculationInfo.swift */; };
		0B6E54732B81228A0078C110 /* CalculationInfo.swift in Sources */ = {isa = PBXBuildFile; fileRef = 0B6E54712B81228A0078C110 /* CalculationInfo.swift */; };
		0B6F61152B866DAF00929613 /* FLCCargoParametersView.swift in Sources */ = {isa = PBXBuildFile; fileRef = 0B6F61142B866DAF00929613 /* FLCCargoParametersView.swift */; };
		0B6F61172B866DDF00929613 /* FLCTransportParametersView.swift in Sources */ = {isa = PBXBuildFile; fileRef = 0B6F61162B866DDF00929613 /* FLCTransportParametersView.swift */; };
		0B6F61192B86750000929613 /* FLCNumberTextField.swift in Sources */ = {isa = PBXBuildFile; fileRef = 0B6F61182B86750000929613 /* FLCNumberTextField.swift */; };
		0B7548FE2BA1C7F00029807B /* FLCListPickerVC + SearchController.swift in Sources */ = {isa = PBXBuildFile; fileRef = 0B7548FD2BA1C7F00029807B /* FLCListPickerVC + SearchController.swift */; };
		0B7549002BA1C9870029807B /* FLCListPickerVC + Delegate.swift in Sources */ = {isa = PBXBuildFile; fileRef = 0B7548FF2BA1C9870029807B /* FLCListPickerVC + Delegate.swift */; };
		0B7549022BA2322B0029807B /* FLCTextButton.swift in Sources */ = {isa = PBXBuildFile; fileRef = 0B7549012BA2322B0029807B /* FLCTextButton.swift */; };
		0B77F8DE2B921788005AB5FD /* FLCProgressView.swift in Sources */ = {isa = PBXBuildFile; fileRef = 0B77F8DD2B921788005AB5FD /* FLCProgressView.swift */; };
		0B9D3A412B9492F20058FC95 /* FLCPopupView.swift in Sources */ = {isa = PBXBuildFile; fileRef = 0B9D3A402B9492F20058FC95 /* FLCPopupView.swift */; };
		0B9D3A432B94C2C30058FC95 /* HapticManager.swift in Sources */ = {isa = PBXBuildFile; fileRef = 0B9D3A422B94C2C30058FC95 /* HapticManager.swift */; };
		0BAABC1D2B978E56001A4AA1 /* NotificationsManager.swift in Sources */ = {isa = PBXBuildFile; fileRef = 0BAABC1C2B978E56001A4AA1 /* NotificationsManager.swift */; };
		0BD06AF62B8E647400942651 /* FLCListPickerVC + DataSource.swift in Sources */ = {isa = PBXBuildFile; fileRef = 0BD06AF52B8E647400942651 /* FLCListPickerVC + DataSource.swift */; };
		0BD06AF92B8E683B00942651 /* UINavigationItem+Ext.swift in Sources */ = {isa = PBXBuildFile; fileRef = 0BD06AF82B8E683B00942651 /* UINavigationItem+Ext.swift */; };
		0BD06AFB2B8E6A1B00942651 /* Enums.swift in Sources */ = {isa = PBXBuildFile; fileRef = 0BD06AFA2B8E6A1B00942651 /* Enums.swift */; };
		0BD4DE232B88B74800B834DD /* FLCSmallLabelView.swift in Sources */ = {isa = PBXBuildFile; fileRef = 0BD4DE222B88B74800B834DD /* FLCSmallLabelView.swift */; };
		0BD4DE252B88D5ED00B834DD /* FLCListPickerVC.swift in Sources */ = {isa = PBXBuildFile; fileRef = 0BD4DE242B88D5ED00B834DD /* FLCListPickerVC.swift */; };
		0BD4DE2A2B890C4300B834DD /* UITextField+Ext.swift in Sources */ = {isa = PBXBuildFile; fileRef = 0BD4DE292B890C4300B834DD /* UITextField+Ext.swift */; };
		0BD4DE2C2B89EC4C00B834DD /* NumberFormatter+Ext.swift in Sources */ = {isa = PBXBuildFile; fileRef = 0BD4DE2B2B89EC4C00B834DD /* NumberFormatter+Ext.swift */; };
		0BD5E61F2B9A1C4D00240844 /* CalculationUIHelper.swift in Sources */ = {isa = PBXBuildFile; fileRef = 0BD5E61E2B9A1C4D00240844 /* CalculationUIHelper.swift */; };
		0BE0466E2B9C7F9B00BA6F21 /* FLCSheetPickerVC.swift in Sources */ = {isa = PBXBuildFile; fileRef = 0BE0466D2B9C7F9B00BA6F21 /* FLCSheetPickerVC.swift */; };
		0BE046702B9C863500BA6F21 /* SheetPickerCell.swift in Sources */ = {isa = PBXBuildFile; fileRef = 0BE0466F2B9C863500BA6F21 /* SheetPickerCell.swift */; };
		0BE046722B9C9F8800BA6F21 /* FLCPickerVC.swift in Sources */ = {isa = PBXBuildFile; fileRef = 0BE046712B9C9F8800BA6F21 /* FLCPickerVC.swift */; };
		0BE046752B9CF31F00BA6F21 /* UISheetPresentationController + Ext.swift in Sources */ = {isa = PBXBuildFile; fileRef = 0BE046742B9CF31F00BA6F21 /* UISheetPresentationController + Ext.swift */; };
		0BF8611F2B8B698900D2EF4D /* TextFieldManager.swift in Sources */ = {isa = PBXBuildFile; fileRef = 0BF8611E2B8B698900D2EF4D /* TextFieldManager.swift */; };
		0BF938822B84F45100A18016 /* FLCEmptyStateView.swift in Sources */ = {isa = PBXBuildFile; fileRef = 0BF938812B84F45100A18016 /* FLCEmptyStateView.swift */; };
		0BF938852B84F61700A18016 /* FLCTitleLabel.swift in Sources */ = {isa = PBXBuildFile; fileRef = 0BF938842B84F61700A18016 /* FLCTitleLabel.swift */; };
		0BF938872B84F8C200A18016 /* UIView+Ext.swift in Sources */ = {isa = PBXBuildFile; fileRef = 0BF938862B84F8C200A18016 /* UIView+Ext.swift */; };
		0BF9388A2B85014700A18016 /* FLCSubtitleLabel.swift in Sources */ = {isa = PBXBuildFile; fileRef = 0BF938892B85014700A18016 /* FLCSubtitleLabel.swift */; };
		0BF9388C2B850EC600A18016 /* FLCButton.swift in Sources */ = {isa = PBXBuildFile; fileRef = 0BF9388B2B850EC600A18016 /* FLCButton.swift */; };
		0BF9388F2B8534BA00A18016 /* CalculationTagView.swift in Sources */ = {isa = PBXBuildFile; fileRef = 0BF9388E2B8534BA00A18016 /* CalculationTagView.swift */; };
		0BF938902B85370800A18016 /* CalculationTagView.swift in Sources */ = {isa = PBXBuildFile; fileRef = 0BF9388E2B8534BA00A18016 /* CalculationTagView.swift */; };
		0BF938932B853A6900A18016 /* CalculationVC.swift in Sources */ = {isa = PBXBuildFile; fileRef = 0BF938922B853A6900A18016 /* CalculationVC.swift */; };
		0BFBD7402BA37B9F00B485B8 /* CalculationData.swift in Sources */ = {isa = PBXBuildFile; fileRef = 0BFBD73F2BA37B9F00B485B8 /* CalculationData.swift */; };
		0BFBD7412BA37B9F00B485B8 /* CalculationData.swift in Sources */ = {isa = PBXBuildFile; fileRef = 0BFBD73F2BA37B9F00B485B8 /* CalculationData.swift */; };
		0BFBD7432BA37E2B00B485B8 /* CalculationResultVC.swift in Sources */ = {isa = PBXBuildFile; fileRef = 0BFBD7422BA37E2B00B485B8 /* CalculationResultVC.swift */; };
		0BFBD7452BA38B3500B485B8 /* UINavigationController + Ext.swift in Sources */ = {isa = PBXBuildFile; fileRef = 0BFBD7442BA38B3400B485B8 /* UINavigationController + Ext.swift */; };
		0BFBD7472BA38FEC00B485B8 /* String+Ext.swift in Sources */ = {isa = PBXBuildFile; fileRef = 0BFBD7462BA38FEC00B485B8 /* String+Ext.swift */; };
		0BFBD7482BA38FF000B485B8 /* String+Ext.swift in Sources */ = {isa = PBXBuildFile; fileRef = 0BFBD7462BA38FEC00B485B8 /* String+Ext.swift */; };
/* End PBXBuildFile section */

/* Begin PBXContainerItemProxy section */
		0B6E545B2B811B550078C110 /* PBXContainerItemProxy */ = {
			isa = PBXContainerItemProxy;
			containerPortal = 0B6E541C2B810BA00078C110 /* Project object */;
			proxyType = 1;
			remoteGlobalIDString = 0B6E544C2B811B540078C110;
			remoteInfo = WidgetsExtension;
		};
/* End PBXContainerItemProxy section */

/* Begin PBXCopyFilesBuildPhase section */
		0B6E54612B811B550078C110 /* Embed Foundation Extensions */ = {
			isa = PBXCopyFilesBuildPhase;
			buildActionMask = 2147483647;
			dstPath = "";
			dstSubfolderSpec = 13;
			files = (
				0B6E545D2B811B550078C110 /* WidgetsExtension.appex in Embed Foundation Extensions */,
			);
			name = "Embed Foundation Extensions";
			runOnlyForDeploymentPostprocessing = 0;
		};
/* End PBXCopyFilesBuildPhase section */

/* Begin PBXFileReference section */
		0B2002B02B9DCE7B00B8DF5C /* Constants.swift */ = {isa = PBXFileReference; lastKnownFileType = sourcecode.swift; path = Constants.swift; sourceTree = "<group>"; };
		0B2002B22B9E0B3500B8DF5C /* NetworkManager.swift */ = {isa = PBXFileReference; lastKnownFileType = sourcecode.swift; path = NetworkManager.swift; sourceTree = "<group>"; };
		0B2130612BA4B51E00A30394 /* FLCTintedView.swift */ = {isa = PBXFileReference; lastKnownFileType = sourcecode.swift; path = FLCTintedView.swift; sourceTree = "<group>"; };
		0B32F16A2B93465D004BAB46 /* FLCPickerItem.swift */ = {isa = PBXFileReference; lastKnownFileType = sourcecode.swift; path = FLCPickerItem.swift; sourceTree = "<group>"; };
		0B32F16D2B9351C7004BAB46 /* FLCCalculationView.swift */ = {isa = PBXFileReference; lastKnownFileType = sourcecode.swift; path = FLCCalculationView.swift; sourceTree = "<group>"; };
		0B33016E2B8D13FF00737A11 /* ListPickerCell.swift */ = {isa = PBXFileReference; lastKnownFileType = sourcecode.swift; path = ListPickerCell.swift; sourceTree = "<group>"; };
		0B3301702B8D14D500737A11 /* FLCBodyLabel.swift */ = {isa = PBXFileReference; lastKnownFileType = sourcecode.swift; path = FLCBodyLabel.swift; sourceTree = "<group>"; };
		0B419FC42B82436000498ACE /* CoreDataManager.swift */ = {isa = PBXFileReference; lastKnownFileType = sourcecode.swift; path = CoreDataManager.swift; sourceTree = "<group>"; };
		0B419FC72B82451600498ACE /* FLCError.swift */ = {isa = PBXFileReference; lastKnownFileType = sourcecode.swift; path = FLCError.swift; sourceTree = "<group>"; };
		0B419FCB2B82464000498ACE /* UITableView+Ext.swift */ = {isa = PBXFileReference; lastKnownFileType = sourcecode.swift; path = "UITableView+Ext.swift"; sourceTree = "<group>"; };
		0B419FCF2B824BED00498ACE /* CalculationView.swift */ = {isa = PBXFileReference; lastKnownFileType = sourcecode.swift; path = CalculationView.swift; sourceTree = "<group>"; };
		0B419FD42B82546D00498ACE /* CalculationCell.swift */ = {isa = PBXFileReference; lastKnownFileType = sourcecode.swift; path = CalculationCell.swift; sourceTree = "<group>"; };
		0B630DD62B87DBB50007636D /* FLCListPickerButton.swift */ = {isa = PBXFileReference; lastKnownFileType = sourcecode.swift; path = FLCListPickerButton.swift; sourceTree = "<group>"; };
		0B6E54242B810BA00078C110 /* FLCCalculator.app */ = {isa = PBXFileReference; explicitFileType = wrapper.application; includeInIndex = 0; path = FLCCalculator.app; sourceTree = BUILT_PRODUCTS_DIR; };
		0B6E54272B810BA00078C110 /* AppDelegate.swift */ = {isa = PBXFileReference; lastKnownFileType = sourcecode.swift; path = AppDelegate.swift; sourceTree = "<group>"; };
		0B6E54292B810BA00078C110 /* SceneDelegate.swift */ = {isa = PBXFileReference; lastKnownFileType = sourcecode.swift; path = SceneDelegate.swift; sourceTree = "<group>"; };
		0B6E54312B810BA00078C110 /* FLCCalculator.xcdatamodel */ = {isa = PBXFileReference; lastKnownFileType = wrapper.xcdatamodel; path = FLCCalculator.xcdatamodel; sourceTree = "<group>"; };
		0B6E54332B810BA20078C110 /* Assets.xcassets */ = {isa = PBXFileReference; lastKnownFileType = folder.assetcatalog; path = Assets.xcassets; sourceTree = "<group>"; };
		0B6E54362B810BA20078C110 /* Base */ = {isa = PBXFileReference; lastKnownFileType = file.storyboard; name = Base; path = Base.lproj/LaunchScreen.storyboard; sourceTree = "<group>"; };
		0B6E54382B810BA20078C110 /* Info.plist */ = {isa = PBXFileReference; lastKnownFileType = text.plist.xml; path = Info.plist; sourceTree = "<group>"; };
		0B6E543E2B8110580078C110 /* FLCTabBarController.swift */ = {isa = PBXFileReference; lastKnownFileType = sourcecode.swift; path = FLCTabBarController.swift; sourceTree = "<group>"; };
		0B6E54402B8110CB0078C110 /* CalculationsVC.swift */ = {isa = PBXFileReference; lastKnownFileType = sourcecode.swift; path = CalculationsVC.swift; sourceTree = "<group>"; };
		0B6E54422B8111C60078C110 /* UsefulInfoVC.swift */ = {isa = PBXFileReference; lastKnownFileType = sourcecode.swift; path = UsefulInfoVC.swift; sourceTree = "<group>"; };
		0B6E54442B8114AB0078C110 /* FLCCalculator.entitlements */ = {isa = PBXFileReference; lastKnownFileType = text.plist.entitlements; path = FLCCalculator.entitlements; sourceTree = "<group>"; };
		0B6E54452B8115420078C110 /* Persistence.swift */ = {isa = PBXFileReference; lastKnownFileType = sourcecode.swift; path = Persistence.swift; sourceTree = "<group>"; };
		0B6E54472B811B0B0078C110 /* UserDefaults+Ext.swift */ = {isa = PBXFileReference; lastKnownFileType = sourcecode.swift; path = "UserDefaults+Ext.swift"; sourceTree = "<group>"; };
		0B6E544D2B811B540078C110 /* WidgetsExtension.appex */ = {isa = PBXFileReference; explicitFileType = "wrapper.app-extension"; includeInIndex = 0; path = WidgetsExtension.appex; sourceTree = BUILT_PRODUCTS_DIR; };
		0B6E544F2B811B540078C110 /* WidgetKit.framework */ = {isa = PBXFileReference; lastKnownFileType = wrapper.framework; name = WidgetKit.framework; path = System/Library/Frameworks/WidgetKit.framework; sourceTree = SDKROOT; };
		0B6E54512B811B540078C110 /* SwiftUI.framework */ = {isa = PBXFileReference; lastKnownFileType = wrapper.framework; name = SwiftUI.framework; path = System/Library/Frameworks/SwiftUI.framework; sourceTree = SDKROOT; };
		0B6E54542B811B540078C110 /* WidgetsBundle.swift */ = {isa = PBXFileReference; lastKnownFileType = sourcecode.swift; path = WidgetsBundle.swift; sourceTree = "<group>"; };
		0B6E54562B811B540078C110 /* Widgets.swift */ = {isa = PBXFileReference; lastKnownFileType = sourcecode.swift; path = Widgets.swift; sourceTree = "<group>"; };
		0B6E54582B811B550078C110 /* Assets.xcassets */ = {isa = PBXFileReference; lastKnownFileType = folder.assetcatalog; path = Assets.xcassets; sourceTree = "<group>"; };
		0B6E545A2B811B550078C110 /* Info.plist */ = {isa = PBXFileReference; lastKnownFileType = text.plist.xml; path = Info.plist; sourceTree = "<group>"; };
		0B6E54712B81228A0078C110 /* CalculationInfo.swift */ = {isa = PBXFileReference; lastKnownFileType = sourcecode.swift; path = CalculationInfo.swift; sourceTree = "<group>"; };
		0B6F61142B866DAF00929613 /* FLCCargoParametersView.swift */ = {isa = PBXFileReference; lastKnownFileType = sourcecode.swift; path = FLCCargoParametersView.swift; sourceTree = "<group>"; };
		0B6F61162B866DDF00929613 /* FLCTransportParametersView.swift */ = {isa = PBXFileReference; lastKnownFileType = sourcecode.swift; path = FLCTransportParametersView.swift; sourceTree = "<group>"; };
		0B6F61182B86750000929613 /* FLCNumberTextField.swift */ = {isa = PBXFileReference; lastKnownFileType = sourcecode.swift; path = FLCNumberTextField.swift; sourceTree = "<group>"; };
		0B7548FD2BA1C7F00029807B /* FLCListPickerVC + SearchController.swift */ = {isa = PBXFileReference; lastKnownFileType = sourcecode.swift; path = "FLCListPickerVC + SearchController.swift"; sourceTree = "<group>"; };
		0B7548FF2BA1C9870029807B /* FLCListPickerVC + Delegate.swift */ = {isa = PBXFileReference; lastKnownFileType = sourcecode.swift; path = "FLCListPickerVC + Delegate.swift"; sourceTree = "<group>"; };
		0B7549012BA2322B0029807B /* FLCTextButton.swift */ = {isa = PBXFileReference; lastKnownFileType = sourcecode.swift; path = FLCTextButton.swift; sourceTree = "<group>"; };
		0B77F8DD2B921788005AB5FD /* FLCProgressView.swift */ = {isa = PBXFileReference; lastKnownFileType = sourcecode.swift; path = FLCProgressView.swift; sourceTree = "<group>"; };
		0B9D3A402B9492F20058FC95 /* FLCPopupView.swift */ = {isa = PBXFileReference; lastKnownFileType = sourcecode.swift; path = FLCPopupView.swift; sourceTree = "<group>"; };
		0B9D3A422B94C2C30058FC95 /* HapticManager.swift */ = {isa = PBXFileReference; lastKnownFileType = sourcecode.swift; path = HapticManager.swift; sourceTree = "<group>"; };
		0BAABC1C2B978E56001A4AA1 /* NotificationsManager.swift */ = {isa = PBXFileReference; lastKnownFileType = sourcecode.swift; path = NotificationsManager.swift; sourceTree = "<group>"; };
		0BC2EB892B8FA3A400E52E1C /* ru */ = {isa = PBXFileReference; lastKnownFileType = text.plist.strings; name = ru; path = ru.lproj/LaunchScreen.strings; sourceTree = "<group>"; };
		0BD06AF52B8E647400942651 /* FLCListPickerVC + DataSource.swift */ = {isa = PBXFileReference; lastKnownFileType = sourcecode.swift; path = "FLCListPickerVC + DataSource.swift"; sourceTree = "<group>"; };
		0BD06AF82B8E683B00942651 /* UINavigationItem+Ext.swift */ = {isa = PBXFileReference; lastKnownFileType = sourcecode.swift; path = "UINavigationItem+Ext.swift"; sourceTree = "<group>"; };
		0BD06AFA2B8E6A1B00942651 /* Enums.swift */ = {isa = PBXFileReference; lastKnownFileType = sourcecode.swift; path = Enums.swift; sourceTree = "<group>"; };
		0BD4DE222B88B74800B834DD /* FLCSmallLabelView.swift */ = {isa = PBXFileReference; lastKnownFileType = sourcecode.swift; path = FLCSmallLabelView.swift; sourceTree = "<group>"; };
		0BD4DE242B88D5ED00B834DD /* FLCListPickerVC.swift */ = {isa = PBXFileReference; lastKnownFileType = sourcecode.swift; path = FLCListPickerVC.swift; sourceTree = "<group>"; };
		0BD4DE292B890C4300B834DD /* UITextField+Ext.swift */ = {isa = PBXFileReference; lastKnownFileType = sourcecode.swift; path = "UITextField+Ext.swift"; sourceTree = "<group>"; };
		0BD4DE2B2B89EC4C00B834DD /* NumberFormatter+Ext.swift */ = {isa = PBXFileReference; lastKnownFileType = sourcecode.swift; path = "NumberFormatter+Ext.swift"; sourceTree = "<group>"; };
		0BD5E61E2B9A1C4D00240844 /* CalculationUIHelper.swift */ = {isa = PBXFileReference; lastKnownFileType = sourcecode.swift; path = CalculationUIHelper.swift; sourceTree = "<group>"; };
		0BE0466D2B9C7F9B00BA6F21 /* FLCSheetPickerVC.swift */ = {isa = PBXFileReference; lastKnownFileType = sourcecode.swift; path = FLCSheetPickerVC.swift; sourceTree = "<group>"; };
		0BE0466F2B9C863500BA6F21 /* SheetPickerCell.swift */ = {isa = PBXFileReference; lastKnownFileType = sourcecode.swift; path = SheetPickerCell.swift; sourceTree = "<group>"; };
		0BE046712B9C9F8800BA6F21 /* FLCPickerVC.swift */ = {isa = PBXFileReference; lastKnownFileType = sourcecode.swift; path = FLCPickerVC.swift; sourceTree = "<group>"; };
		0BE046742B9CF31F00BA6F21 /* UISheetPresentationController + Ext.swift */ = {isa = PBXFileReference; lastKnownFileType = sourcecode.swift; path = "UISheetPresentationController + Ext.swift"; sourceTree = "<group>"; };
		0BF8611E2B8B698900D2EF4D /* TextFieldManager.swift */ = {isa = PBXFileReference; lastKnownFileType = sourcecode.swift; path = TextFieldManager.swift; sourceTree = "<group>"; };
		0BF938812B84F45100A18016 /* FLCEmptyStateView.swift */ = {isa = PBXFileReference; lastKnownFileType = sourcecode.swift; path = FLCEmptyStateView.swift; sourceTree = "<group>"; };
		0BF938842B84F61700A18016 /* FLCTitleLabel.swift */ = {isa = PBXFileReference; lastKnownFileType = sourcecode.swift; path = FLCTitleLabel.swift; sourceTree = "<group>"; };
		0BF938862B84F8C200A18016 /* UIView+Ext.swift */ = {isa = PBXFileReference; lastKnownFileType = sourcecode.swift; path = "UIView+Ext.swift"; sourceTree = "<group>"; };
		0BF938892B85014700A18016 /* FLCSubtitleLabel.swift */ = {isa = PBXFileReference; lastKnownFileType = sourcecode.swift; path = FLCSubtitleLabel.swift; sourceTree = "<group>"; };
		0BF9388B2B850EC600A18016 /* FLCButton.swift */ = {isa = PBXFileReference; lastKnownFileType = sourcecode.swift; path = FLCButton.swift; sourceTree = "<group>"; };
		0BF9388E2B8534BA00A18016 /* CalculationTagView.swift */ = {isa = PBXFileReference; lastKnownFileType = sourcecode.swift; path = CalculationTagView.swift; sourceTree = "<group>"; };
		0BF938922B853A6900A18016 /* CalculationVC.swift */ = {isa = PBXFileReference; lastKnownFileType = sourcecode.swift; path = CalculationVC.swift; sourceTree = "<group>"; };
		0BFBD73F2BA37B9F00B485B8 /* CalculationData.swift */ = {isa = PBXFileReference; lastKnownFileType = sourcecode.swift; path = CalculationData.swift; sourceTree = "<group>"; };
		0BFBD7422BA37E2B00B485B8 /* CalculationResultVC.swift */ = {isa = PBXFileReference; lastKnownFileType = sourcecode.swift; path = CalculationResultVC.swift; sourceTree = "<group>"; };
		0BFBD7442BA38B3400B485B8 /* UINavigationController + Ext.swift */ = {isa = PBXFileReference; lastKnownFileType = sourcecode.swift; path = "UINavigationController + Ext.swift"; sourceTree = "<group>"; };
		0BFBD7462BA38FEC00B485B8 /* String+Ext.swift */ = {isa = PBXFileReference; lastKnownFileType = sourcecode.swift; path = "String+Ext.swift"; sourceTree = "<group>"; };
/* End PBXFileReference section */

/* Begin PBXFrameworksBuildPhase section */
		0B6E54212B810BA00078C110 /* Frameworks */ = {
			isa = PBXFrameworksBuildPhase;
			buildActionMask = 2147483647;
			files = (
			);
			runOnlyForDeploymentPostprocessing = 0;
		};
		0B6E544A2B811B540078C110 /* Frameworks */ = {
			isa = PBXFrameworksBuildPhase;
			buildActionMask = 2147483647;
			files = (
				0B6E54522B811B540078C110 /* SwiftUI.framework in Frameworks */,
				0B6E54502B811B540078C110 /* WidgetKit.framework in Frameworks */,
			);
			runOnlyForDeploymentPostprocessing = 0;
		};
/* End PBXFrameworksBuildPhase section */

/* Begin PBXGroup section */
		0B32F16F2B9356C9004BAB46 /* FLCCalculationView */ = {
			isa = PBXGroup;
			children = (
				0B32F16D2B9351C7004BAB46 /* FLCCalculationView.swift */,
				0B6F61142B866DAF00929613 /* FLCCargoParametersView.swift */,
				0B6F61162B866DDF00929613 /* FLCTransportParametersView.swift */,
			);
			path = FLCCalculationView;
			sourceTree = "<group>";
		};
		0B419FCA2B82451D00498ACE /* Utilities */ = {
			isa = PBXGroup;
			children = (
				0B419FC72B82451600498ACE /* FLCError.swift */,
				0BD06AFA2B8E6A1B00942651 /* Enums.swift */,
				0BD5E61E2B9A1C4D00240844 /* CalculationUIHelper.swift */,
				0B2002B02B9DCE7B00B8DF5C /* Constants.swift */,
			);
			path = Utilities;
			sourceTree = "<group>";
		};
		0B419FCE2B82468000498ACE /* Managers */ = {
			isa = PBXGroup;
			children = (
				0B419FC42B82436000498ACE /* CoreDataManager.swift */,
				0BF8611E2B8B698900D2EF4D /* TextFieldManager.swift */,
				0B9D3A422B94C2C30058FC95 /* HapticManager.swift */,
				0BAABC1C2B978E56001A4AA1 /* NotificationsManager.swift */,
				0B2002B22B9E0B3500B8DF5C /* NetworkManager.swift */,
			);
			path = Managers;
			sourceTree = "<group>";
		};
		0B419FD22B82540000498ACE /* Cells */ = {
			isa = PBXGroup;
			children = (
				0B419FD32B82544800498ACE /* CalculationCell */,
				0B33016E2B8D13FF00737A11 /* ListPickerCell.swift */,
				0BE0466F2B9C863500BA6F21 /* SheetPickerCell.swift */,
			);
			path = Cells;
			sourceTree = "<group>";
		};
		0B419FD32B82544800498ACE /* CalculationCell */ = {
			isa = PBXGroup;
			children = (
				0BF938912B85377A00A18016 /* CalculationView */,
				0B419FD42B82546D00498ACE /* CalculationCell.swift */,
			);
			path = CalculationCell;
			sourceTree = "<group>";
		};
		0B6E541B2B810BA00078C110 = {
			isa = PBXGroup;
			children = (
				0B6E54262B810BA00078C110 /* FLCCalculator */,
				0B6E54302B810BA00078C110 /* FLCCalculator.xcdatamodeld */,
				0B6E546D2B811C2E0078C110 /* Support */,
				0B6E54532B811B540078C110 /* Widgets */,
				0B6E544E2B811B540078C110 /* Frameworks */,
				0B6E54252B810BA00078C110 /* Products */,
			);
			sourceTree = "<group>";
		};
		0B6E54252B810BA00078C110 /* Products */ = {
			isa = PBXGroup;
			children = (
				0B6E54242B810BA00078C110 /* FLCCalculator.app */,
				0B6E544D2B811B540078C110 /* WidgetsExtension.appex */,
			);
			name = Products;
			sourceTree = "<group>";
		};
		0B6E54262B810BA00078C110 /* FLCCalculator */ = {
			isa = PBXGroup;
			children = (
				0B419FCA2B82451D00498ACE /* Utilities */,
				0B6E546B2B811BFC0078C110 /* Extensions */,
				0B419FCE2B82468000498ACE /* Managers */,
				0B6E546F2B811C7F0078C110 /* CustomViews */,
				0B6E546E2B811C4A0078C110 /* Model */,
				0B6E546C2B811C060078C110 /* Screens */,
				0B6E54442B8114AB0078C110 /* FLCCalculator.entitlements */,
				0B6E54382B810BA20078C110 /* Info.plist */,
			);
			path = FLCCalculator;
			sourceTree = "<group>";
		};
		0B6E544E2B811B540078C110 /* Frameworks */ = {
			isa = PBXGroup;
			children = (
				0B6E544F2B811B540078C110 /* WidgetKit.framework */,
				0B6E54512B811B540078C110 /* SwiftUI.framework */,
			);
			name = Frameworks;
			sourceTree = "<group>";
		};
		0B6E54532B811B540078C110 /* Widgets */ = {
			isa = PBXGroup;
			children = (
				0B6E54542B811B540078C110 /* WidgetsBundle.swift */,
				0B6E54562B811B540078C110 /* Widgets.swift */,
				0B6E54582B811B550078C110 /* Assets.xcassets */,
				0B6E545A2B811B550078C110 /* Info.plist */,
			);
			path = Widgets;
			sourceTree = "<group>";
		};
		0B6E546B2B811BFC0078C110 /* Extensions */ = {
			isa = PBXGroup;
			children = (
				0B6E54472B811B0B0078C110 /* UserDefaults+Ext.swift */,
				0B419FCB2B82464000498ACE /* UITableView+Ext.swift */,
				0BF938862B84F8C200A18016 /* UIView+Ext.swift */,
				0BD4DE292B890C4300B834DD /* UITextField+Ext.swift */,
				0BD4DE2B2B89EC4C00B834DD /* NumberFormatter+Ext.swift */,
				0BD06AF82B8E683B00942651 /* UINavigationItem+Ext.swift */,
				0BE046742B9CF31F00BA6F21 /* UISheetPresentationController + Ext.swift */,
				0BFBD7442BA38B3400B485B8 /* UINavigationController + Ext.swift */,
				0BFBD7462BA38FEC00B485B8 /* String+Ext.swift */,
			);
			path = Extensions;
			sourceTree = "<group>";
		};
		0B6E546C2B811C060078C110 /* Screens */ = {
			isa = PBXGroup;
			children = (
				0B6E54402B8110CB0078C110 /* CalculationsVC.swift */,
				0B6E54422B8111C60078C110 /* UsefulInfoVC.swift */,
				0BF938922B853A6900A18016 /* CalculationVC.swift */,
				0BFBD7422BA37E2B00B485B8 /* CalculationResultVC.swift */,
			);
			path = Screens;
			sourceTree = "<group>";
		};
		0B6E546D2B811C2E0078C110 /* Support */ = {
			isa = PBXGroup;
			children = (
				0B6E54272B810BA00078C110 /* AppDelegate.swift */,
				0B6E54292B810BA00078C110 /* SceneDelegate.swift */,
				0B6E54332B810BA20078C110 /* Assets.xcassets */,
				0B6E54352B810BA20078C110 /* LaunchScreen.storyboard */,
			);
			path = Support;
			sourceTree = "<group>";
		};
		0B6E546E2B811C4A0078C110 /* Model */ = {
			isa = PBXGroup;
			children = (
				0B32F16A2B93465D004BAB46 /* FLCPickerItem.swift */,
				0B6E54452B8115420078C110 /* Persistence.swift */,
				0B6E54712B81228A0078C110 /* CalculationInfo.swift */,
				0BFBD73F2BA37B9F00B485B8 /* CalculationData.swift */,
			);
			path = Model;
			sourceTree = "<group>";
		};
		0B6E546F2B811C7F0078C110 /* CustomViews */ = {
			isa = PBXGroup;
			children = (
				0BD4DE262B88D5F800B834DD /* ViewControllers */,
				0B419FD22B82540000498ACE /* Cells */,
				0B6E54702B811C8D0078C110 /* TabBarControllers */,
				0BF938832B84F5FD00A18016 /* Views */,
				0BF938882B84FD8900A18016 /* Labels */,
				0BF9388D2B85194300A18016 /* Buttons */,
				0B6F61202B86935600929613 /* TextFields */,
				0B86E92B2BA0D2290057A400 /* ProgressView */,
			);
			path = CustomViews;
			sourceTree = "<group>";
		};
		0B6E54702B811C8D0078C110 /* TabBarControllers */ = {
			isa = PBXGroup;
			children = (
				0B6E543E2B8110580078C110 /* FLCTabBarController.swift */,
			);
			path = TabBarControllers;
			sourceTree = "<group>";
		};
		0B6F61202B86935600929613 /* TextFields */ = {
			isa = PBXGroup;
			children = (
				0B6F61182B86750000929613 /* FLCNumberTextField.swift */,
			);
			path = TextFields;
			sourceTree = "<group>";
		};
		0B86E92B2BA0D2290057A400 /* ProgressView */ = {
			isa = PBXGroup;
			children = (
				0B77F8DD2B921788005AB5FD /* FLCProgressView.swift */,
			);
			path = ProgressView;
			sourceTree = "<group>";
		};
		0BD06AF72B8E64CE00942651 /* FLCListPickerVC */ = {
			isa = PBXGroup;
			children = (
				0BD4DE242B88D5ED00B834DD /* FLCListPickerVC.swift */,
				0B7548FF2BA1C9870029807B /* FLCListPickerVC + Delegate.swift */,
				0BD06AF52B8E647400942651 /* FLCListPickerVC + DataSource.swift */,
				0B7548FD2BA1C7F00029807B /* FLCListPickerVC + SearchController.swift */,
			);
			path = FLCListPickerVC;
			sourceTree = "<group>";
		};
		0BD4DE262B88D5F800B834DD /* ViewControllers */ = {
			isa = PBXGroup;
			children = (
				0BE046732B9CA05900BA6F21 /* FLCPickerVC */,
			);
			path = ViewControllers;
			sourceTree = "<group>";
		};
		0BE046732B9CA05900BA6F21 /* FLCPickerVC */ = {
			isa = PBXGroup;
			children = (
				0BE046712B9C9F8800BA6F21 /* FLCPickerVC.swift */,
				0BD06AF72B8E64CE00942651 /* FLCListPickerVC */,
				0BE0466D2B9C7F9B00BA6F21 /* FLCSheetPickerVC.swift */,
			);
			path = FLCPickerVC;
			sourceTree = "<group>";
		};
		0BF938832B84F5FD00A18016 /* Views */ = {
			isa = PBXGroup;
			children = (
				0B32F16F2B9356C9004BAB46 /* FLCCalculationView */,
				0BF938812B84F45100A18016 /* FLCEmptyStateView.swift */,
				0BD4DE222B88B74800B834DD /* FLCSmallLabelView.swift */,
				0B9D3A402B9492F20058FC95 /* FLCPopupView.swift */,
				0B2130612BA4B51E00A30394 /* FLCTintedView.swift */,
			);
			path = Views;
			sourceTree = "<group>";
		};
		0BF938882B84FD8900A18016 /* Labels */ = {
			isa = PBXGroup;
			children = (
				0BF938842B84F61700A18016 /* FLCTitleLabel.swift */,
				0B3301702B8D14D500737A11 /* FLCBodyLabel.swift */,
				0BF938892B85014700A18016 /* FLCSubtitleLabel.swift */,
			);
			path = Labels;
			sourceTree = "<group>";
		};
		0BF9388D2B85194300A18016 /* Buttons */ = {
			isa = PBXGroup;
			children = (
				0BF9388B2B850EC600A18016 /* FLCButton.swift */,
				0B630DD62B87DBB50007636D /* FLCListPickerButton.swift */,
				0B7549012BA2322B0029807B /* FLCTextButton.swift */,
			);
			path = Buttons;
			sourceTree = "<group>";
		};
		0BF938912B85377A00A18016 /* CalculationView */ = {
			isa = PBXGroup;
			children = (
				0B419FCF2B824BED00498ACE /* CalculationView.swift */,
				0BF9388E2B8534BA00A18016 /* CalculationTagView.swift */,
			);
			path = CalculationView;
			sourceTree = "<group>";
		};
/* End PBXGroup section */

/* Begin PBXNativeTarget section */
		0B6E54232B810BA00078C110 /* FLCCalculator */ = {
			isa = PBXNativeTarget;
			buildConfigurationList = 0B6E543B2B810BA20078C110 /* Build configuration list for PBXNativeTarget "FLCCalculator" */;
			buildPhases = (
				0B6E54202B810BA00078C110 /* Sources */,
				0B6E54212B810BA00078C110 /* Frameworks */,
				0B6E54222B810BA00078C110 /* Resources */,
				0B6E54612B811B550078C110 /* Embed Foundation Extensions */,
			);
			buildRules = (
			);
			dependencies = (
				0B6E545C2B811B550078C110 /* PBXTargetDependency */,
			);
			name = FLCCalculator;
			productName = FLCCalculator;
			productReference = 0B6E54242B810BA00078C110 /* FLCCalculator.app */;
			productType = "com.apple.product-type.application";
		};
		0B6E544C2B811B540078C110 /* WidgetsExtension */ = {
			isa = PBXNativeTarget;
			buildConfigurationList = 0B6E545E2B811B550078C110 /* Build configuration list for PBXNativeTarget "WidgetsExtension" */;
			buildPhases = (
				0B6E54492B811B540078C110 /* Sources */,
				0B6E544A2B811B540078C110 /* Frameworks */,
				0B6E544B2B811B540078C110 /* Resources */,
			);
			buildRules = (
			);
			dependencies = (
			);
			name = WidgetsExtension;
			productName = WidgetsExtension;
			productReference = 0B6E544D2B811B540078C110 /* WidgetsExtension.appex */;
			productType = "com.apple.product-type.app-extension";
		};
/* End PBXNativeTarget section */

/* Begin PBXProject section */
		0B6E541C2B810BA00078C110 /* Project object */ = {
			isa = PBXProject;
			attributes = {
				BuildIndependentTargetsInParallel = 1;
				LastSwiftUpdateCheck = 1520;
				LastUpgradeCheck = 1520;
				TargetAttributes = {
					0B6E54232B810BA00078C110 = {
						CreatedOnToolsVersion = 15.2;
					};
					0B6E544C2B811B540078C110 = {
						CreatedOnToolsVersion = 15.2;
					};
				};
			};
			buildConfigurationList = 0B6E541F2B810BA00078C110 /* Build configuration list for PBXProject "FLCCalculator" */;
			compatibilityVersion = "Xcode 14.0";
			developmentRegion = ru;
			hasScannedForEncodings = 0;
			knownRegions = (
				en,
				Base,
				ru,
			);
			mainGroup = 0B6E541B2B810BA00078C110;
			productRefGroup = 0B6E54252B810BA00078C110 /* Products */;
			projectDirPath = "";
			projectRoot = "";
			targets = (
				0B6E54232B810BA00078C110 /* FLCCalculator */,
				0B6E544C2B811B540078C110 /* WidgetsExtension */,
			);
		};
/* End PBXProject section */

/* Begin PBXResourcesBuildPhase section */
		0B6E54222B810BA00078C110 /* Resources */ = {
			isa = PBXResourcesBuildPhase;
			buildActionMask = 2147483647;
			files = (
				0B6E54372B810BA20078C110 /* LaunchScreen.storyboard in Resources */,
				0B6E54342B810BA20078C110 /* Assets.xcassets in Resources */,
			);
			runOnlyForDeploymentPostprocessing = 0;
		};
		0B6E544B2B811B540078C110 /* Resources */ = {
			isa = PBXResourcesBuildPhase;
			buildActionMask = 2147483647;
			files = (
				0B6E546A2B811BA40078C110 /* Assets.xcassets in Resources */,
				0B6E54592B811B550078C110 /* Assets.xcassets in Resources */,
			);
			runOnlyForDeploymentPostprocessing = 0;
		};
/* End PBXResourcesBuildPhase section */

/* Begin PBXSourcesBuildPhase section */
		0B6E54202B810BA00078C110 /* Sources */ = {
			isa = PBXSourcesBuildPhase;
			buildActionMask = 2147483647;
			files = (
				0B7549002BA1C9870029807B /* FLCListPickerVC + Delegate.swift in Sources */,
				0BF938872B84F8C200A18016 /* UIView+Ext.swift in Sources */,
				0B33016F2B8D13FF00737A11 /* ListPickerCell.swift in Sources */,
				0B630DD72B87DBB50007636D /* FLCListPickerButton.swift in Sources */,
				0B6F61152B866DAF00929613 /* FLCCargoParametersView.swift in Sources */,
				0BFBD7432BA37E2B00B485B8 /* CalculationResultVC.swift in Sources */,
				0B2130622BA4B51E00A30394 /* FLCTintedView.swift in Sources */,
				0BFBD7402BA37B9F00B485B8 /* CalculationData.swift in Sources */,
				0B6E543F2B8110580078C110 /* FLCTabBarController.swift in Sources */,
				0B419FD02B824BED00498ACE /* CalculationView.swift in Sources */,
				0BD5E61F2B9A1C4D00240844 /* CalculationUIHelper.swift in Sources */,
				0B6E54412B8110CB0078C110 /* CalculationsVC.swift in Sources */,
				0B419FC82B82451600498ACE /* FLCError.swift in Sources */,
				0BAABC1D2B978E56001A4AA1 /* NotificationsManager.swift in Sources */,
				0BF9388C2B850EC600A18016 /* FLCButton.swift in Sources */,
				0B6E54322B810BA00078C110 /* FLCCalculator.xcdatamodeld in Sources */,
				0BF938852B84F61700A18016 /* FLCTitleLabel.swift in Sources */,
				0B419FD52B82546D00498ACE /* CalculationCell.swift in Sources */,
				0BE0466E2B9C7F9B00BA6F21 /* FLCSheetPickerVC.swift in Sources */,
				0BF8611F2B8B698900D2EF4D /* TextFieldManager.swift in Sources */,
				0B6F61192B86750000929613 /* FLCNumberTextField.swift in Sources */,
				0BD06AF92B8E683B00942651 /* UINavigationItem+Ext.swift in Sources */,
				0B7548FE2BA1C7F00029807B /* FLCListPickerVC + SearchController.swift in Sources */,
				0BE046722B9C9F8800BA6F21 /* FLCPickerVC.swift in Sources */,
				0BD4DE2C2B89EC4C00B834DD /* NumberFormatter+Ext.swift in Sources */,
				0BE046752B9CF31F00BA6F21 /* UISheetPresentationController + Ext.swift in Sources */,
				0B6F61172B866DDF00929613 /* FLCTransportParametersView.swift in Sources */,
				0B3301712B8D14D500737A11 /* FLCBodyLabel.swift in Sources */,
				0B2002B12B9DCE7B00B8DF5C /* Constants.swift in Sources */,
				0B6E54462B8115420078C110 /* Persistence.swift in Sources */,
				0B6E54482B811B0B0078C110 /* UserDefaults+Ext.swift in Sources */,
				0B6E54282B810BA00078C110 /* AppDelegate.swift in Sources */,
				0B6E542A2B810BA00078C110 /* SceneDelegate.swift in Sources */,
				0BF9388F2B8534BA00A18016 /* CalculationTagView.swift in Sources */,
				0BFBD7452BA38B3500B485B8 /* UINavigationController + Ext.swift in Sources */,
				0BF9388A2B85014700A18016 /* FLCSubtitleLabel.swift in Sources */,
				0B6E54722B81228A0078C110 /* CalculationInfo.swift in Sources */,
				0B419FCC2B82464000498ACE /* UITableView+Ext.swift in Sources */,
				0B32F16B2B93465D004BAB46 /* FLCPickerItem.swift in Sources */,
				0B419FC52B82436000498ACE /* CoreDataManager.swift in Sources */,
				0BD06AF62B8E647400942651 /* FLCListPickerVC + DataSource.swift in Sources */,
				0B9D3A432B94C2C30058FC95 /* HapticManager.swift in Sources */,
				0B2002B32B9E0B3500B8DF5C /* NetworkManager.swift in Sources */,
				0BD4DE232B88B74800B834DD /* FLCSmallLabelView.swift in Sources */,
				0BFBD7472BA38FEC00B485B8 /* String+Ext.swift in Sources */,
				0BD4DE2A2B890C4300B834DD /* UITextField+Ext.swift in Sources */,
				0B7549022BA2322B0029807B /* FLCTextButton.swift in Sources */,
				0BF938932B853A6900A18016 /* CalculationVC.swift in Sources */,
				0B9D3A412B9492F20058FC95 /* FLCPopupView.swift in Sources */,
				0B6E54432B8111C60078C110 /* UsefulInfoVC.swift in Sources */,
				0BE046702B9C863500BA6F21 /* SheetPickerCell.swift in Sources */,
				0B32F16E2B9351C7004BAB46 /* FLCCalculationView.swift in Sources */,
				0BD06AFB2B8E6A1B00942651 /* Enums.swift in Sources */,
				0BF938822B84F45100A18016 /* FLCEmptyStateView.swift in Sources */,
				0B77F8DE2B921788005AB5FD /* FLCProgressView.swift in Sources */,
				0BD4DE252B88D5ED00B834DD /* FLCListPickerVC.swift in Sources */,
			);
			runOnlyForDeploymentPostprocessing = 0;
		};
		0B6E54492B811B540078C110 /* Sources */ = {
			isa = PBXSourcesBuildPhase;
			buildActionMask = 2147483647;
			files = (
				0BF938902B85370800A18016 /* CalculationTagView.swift in Sources */,
				0BFBD7412BA37B9F00B485B8 /* CalculationData.swift in Sources */,
				0B6E54732B81228A0078C110 /* CalculationInfo.swift in Sources */,
				0B6E54622B811B700078C110 /* Persistence.swift in Sources */,
				0B6E54552B811B540078C110 /* WidgetsBundle.swift in Sources */,
				0B419FC92B82451600498ACE /* FLCError.swift in Sources */,
				0B419FCD2B82464000498ACE /* UITableView+Ext.swift in Sources */,
				0B6E54572B811B540078C110 /* Widgets.swift in Sources */,
				0B32F1722B93862F004BAB46 /* Enums.swift in Sources */,
				0B6E54682B811B8B0078C110 /* UserDefaults+Ext.swift in Sources */,
				0B6E54692B811B8F0078C110 /* FLCCalculator.xcdatamodeld in Sources */,
				0B2002B42B9E0D5100B8DF5C /* NetworkManager.swift in Sources */,
				0B32F16C2B93477D004BAB46 /* FLCPickerItem.swift in Sources */,
				0B419FD12B824BED00498ACE /* CalculationView.swift in Sources */,
				0BFBD7482BA38FF000B485B8 /* String+Ext.swift in Sources */,
				0B419FC62B82436000498ACE /* CoreDataManager.swift in Sources */,
			);
			runOnlyForDeploymentPostprocessing = 0;
		};
/* End PBXSourcesBuildPhase section */

/* Begin PBXTargetDependency section */
		0B6E545C2B811B550078C110 /* PBXTargetDependency */ = {
			isa = PBXTargetDependency;
			target = 0B6E544C2B811B540078C110 /* WidgetsExtension */;
			targetProxy = 0B6E545B2B811B550078C110 /* PBXContainerItemProxy */;
		};
/* End PBXTargetDependency section */

/* Begin PBXVariantGroup section */
		0B6E54352B810BA20078C110 /* LaunchScreen.storyboard */ = {
			isa = PBXVariantGroup;
			children = (
				0B6E54362B810BA20078C110 /* Base */,
				0BC2EB892B8FA3A400E52E1C /* ru */,
			);
			name = LaunchScreen.storyboard;
			sourceTree = "<group>";
		};
/* End PBXVariantGroup section */

/* Begin XCBuildConfiguration section */
		0B6E54392B810BA20078C110 /* Debug */ = {
			isa = XCBuildConfiguration;
			buildSettings = {
				ALWAYS_SEARCH_USER_PATHS = NO;
				ASSETCATALOG_COMPILER_GENERATE_SWIFT_ASSET_SYMBOL_EXTENSIONS = YES;
				CLANG_ANALYZER_LOCALIZABILITY_NONLOCALIZED = YES;
				CLANG_ANALYZER_NONNULL = YES;
				CLANG_ANALYZER_NUMBER_OBJECT_CONVERSION = YES_AGGRESSIVE;
				CLANG_CXX_LANGUAGE_STANDARD = "gnu++20";
				CLANG_ENABLE_MODULES = YES;
				CLANG_ENABLE_OBJC_ARC = YES;
				CLANG_ENABLE_OBJC_WEAK = YES;
				CLANG_WARN_BLOCK_CAPTURE_AUTORELEASING = YES;
				CLANG_WARN_BOOL_CONVERSION = YES;
				CLANG_WARN_COMMA = YES;
				CLANG_WARN_CONSTANT_CONVERSION = YES;
				CLANG_WARN_DEPRECATED_OBJC_IMPLEMENTATIONS = YES;
				CLANG_WARN_DIRECT_OBJC_ISA_USAGE = YES_ERROR;
				CLANG_WARN_DOCUMENTATION_COMMENTS = YES;
				CLANG_WARN_EMPTY_BODY = YES;
				CLANG_WARN_ENUM_CONVERSION = YES;
				CLANG_WARN_INFINITE_RECURSION = YES;
				CLANG_WARN_INT_CONVERSION = YES;
				CLANG_WARN_NON_LITERAL_NULL_CONVERSION = YES;
				CLANG_WARN_OBJC_IMPLICIT_RETAIN_SELF = YES;
				CLANG_WARN_OBJC_LITERAL_CONVERSION = YES;
				CLANG_WARN_OBJC_ROOT_CLASS = YES_ERROR;
				CLANG_WARN_QUOTED_INCLUDE_IN_FRAMEWORK_HEADER = YES;
				CLANG_WARN_RANGE_LOOP_ANALYSIS = YES;
				CLANG_WARN_STRICT_PROTOTYPES = YES;
				CLANG_WARN_SUSPICIOUS_MOVE = YES;
				CLANG_WARN_UNGUARDED_AVAILABILITY = YES_AGGRESSIVE;
				CLANG_WARN_UNREACHABLE_CODE = YES;
				CLANG_WARN__DUPLICATE_METHOD_MATCH = YES;
				COPY_PHASE_STRIP = NO;
				DEBUG_INFORMATION_FORMAT = dwarf;
				ENABLE_STRICT_OBJC_MSGSEND = YES;
				ENABLE_TESTABILITY = YES;
				ENABLE_USER_SCRIPT_SANDBOXING = YES;
				GCC_C_LANGUAGE_STANDARD = gnu17;
				GCC_DYNAMIC_NO_PIC = NO;
				GCC_NO_COMMON_BLOCKS = YES;
				GCC_OPTIMIZATION_LEVEL = 0;
				GCC_PREPROCESSOR_DEFINITIONS = (
					"DEBUG=1",
					"$(inherited)",
				);
				GCC_WARN_64_TO_32_BIT_CONVERSION = YES;
				GCC_WARN_ABOUT_RETURN_TYPE = YES_ERROR;
				GCC_WARN_UNDECLARED_SELECTOR = YES;
				GCC_WARN_UNINITIALIZED_AUTOS = YES_AGGRESSIVE;
				GCC_WARN_UNUSED_FUNCTION = YES;
				GCC_WARN_UNUSED_VARIABLE = YES;
				IPHONEOS_DEPLOYMENT_TARGET = 16.0;
				LOCALIZATION_PREFERS_STRING_CATALOGS = YES;
				MTL_ENABLE_DEBUG_INFO = INCLUDE_SOURCE;
				MTL_FAST_MATH = YES;
				ONLY_ACTIVE_ARCH = YES;
				SDKROOT = iphoneos;
				SWIFT_ACTIVE_COMPILATION_CONDITIONS = "DEBUG $(inherited)";
				SWIFT_OPTIMIZATION_LEVEL = "-Onone";
			};
			name = Debug;
		};
		0B6E543A2B810BA20078C110 /* Release */ = {
			isa = XCBuildConfiguration;
			buildSettings = {
				ALWAYS_SEARCH_USER_PATHS = NO;
				ASSETCATALOG_COMPILER_GENERATE_SWIFT_ASSET_SYMBOL_EXTENSIONS = YES;
				CLANG_ANALYZER_LOCALIZABILITY_NONLOCALIZED = YES;
				CLANG_ANALYZER_NONNULL = YES;
				CLANG_ANALYZER_NUMBER_OBJECT_CONVERSION = YES_AGGRESSIVE;
				CLANG_CXX_LANGUAGE_STANDARD = "gnu++20";
				CLANG_ENABLE_MODULES = YES;
				CLANG_ENABLE_OBJC_ARC = YES;
				CLANG_ENABLE_OBJC_WEAK = YES;
				CLANG_WARN_BLOCK_CAPTURE_AUTORELEASING = YES;
				CLANG_WARN_BOOL_CONVERSION = YES;
				CLANG_WARN_COMMA = YES;
				CLANG_WARN_CONSTANT_CONVERSION = YES;
				CLANG_WARN_DEPRECATED_OBJC_IMPLEMENTATIONS = YES;
				CLANG_WARN_DIRECT_OBJC_ISA_USAGE = YES_ERROR;
				CLANG_WARN_DOCUMENTATION_COMMENTS = YES;
				CLANG_WARN_EMPTY_BODY = YES;
				CLANG_WARN_ENUM_CONVERSION = YES;
				CLANG_WARN_INFINITE_RECURSION = YES;
				CLANG_WARN_INT_CONVERSION = YES;
				CLANG_WARN_NON_LITERAL_NULL_CONVERSION = YES;
				CLANG_WARN_OBJC_IMPLICIT_RETAIN_SELF = YES;
				CLANG_WARN_OBJC_LITERAL_CONVERSION = YES;
				CLANG_WARN_OBJC_ROOT_CLASS = YES_ERROR;
				CLANG_WARN_QUOTED_INCLUDE_IN_FRAMEWORK_HEADER = YES;
				CLANG_WARN_RANGE_LOOP_ANALYSIS = YES;
				CLANG_WARN_STRICT_PROTOTYPES = YES;
				CLANG_WARN_SUSPICIOUS_MOVE = YES;
				CLANG_WARN_UNGUARDED_AVAILABILITY = YES_AGGRESSIVE;
				CLANG_WARN_UNREACHABLE_CODE = YES;
				CLANG_WARN__DUPLICATE_METHOD_MATCH = YES;
				COPY_PHASE_STRIP = NO;
				DEBUG_INFORMATION_FORMAT = "dwarf-with-dsym";
				ENABLE_NS_ASSERTIONS = NO;
				ENABLE_STRICT_OBJC_MSGSEND = YES;
				ENABLE_USER_SCRIPT_SANDBOXING = YES;
				GCC_C_LANGUAGE_STANDARD = gnu17;
				GCC_NO_COMMON_BLOCKS = YES;
				GCC_WARN_64_TO_32_BIT_CONVERSION = YES;
				GCC_WARN_ABOUT_RETURN_TYPE = YES_ERROR;
				GCC_WARN_UNDECLARED_SELECTOR = YES;
				GCC_WARN_UNINITIALIZED_AUTOS = YES_AGGRESSIVE;
				GCC_WARN_UNUSED_FUNCTION = YES;
				GCC_WARN_UNUSED_VARIABLE = YES;
				IPHONEOS_DEPLOYMENT_TARGET = 16.0;
				LOCALIZATION_PREFERS_STRING_CATALOGS = YES;
				MTL_ENABLE_DEBUG_INFO = NO;
				MTL_FAST_MATH = YES;
				SDKROOT = iphoneos;
				SWIFT_COMPILATION_MODE = wholemodule;
				VALIDATE_PRODUCT = YES;
			};
			name = Release;
		};
		0B6E543C2B810BA20078C110 /* Debug */ = {
			isa = XCBuildConfiguration;
			buildSettings = {
				ALWAYS_EMBED_SWIFT_STANDARD_LIBRARIES = YES;
				ASSETCATALOG_COMPILER_APPICON_NAME = AppIcon;
				ASSETCATALOG_COMPILER_GLOBAL_ACCENT_COLOR_NAME = AccentColor;
				CODE_SIGN_ENTITLEMENTS = FLCCalculator/FLCCalculator.entitlements;
				CODE_SIGN_STYLE = Automatic;
				CURRENT_PROJECT_VERSION = 1;
				DEVELOPMENT_TEAM = Y43668Q2S4;
				GENERATE_INFOPLIST_FILE = YES;
				INFOPLIST_FILE = FLCCalculator/Info.plist;
				INFOPLIST_KEY_CFBundleDisplayName = "FLC Calculator";
				INFOPLIST_KEY_LSApplicationCategoryType = "public.app-category.business";
				INFOPLIST_KEY_UIApplicationSupportsIndirectInputEvents = YES;
				INFOPLIST_KEY_UILaunchStoryboardName = LaunchScreen.storyboard;
				INFOPLIST_KEY_UISupportedInterfaceOrientations = UIInterfaceOrientationPortrait;
				INFOPLIST_KEY_UISupportedInterfaceOrientations_iPad = "UIInterfaceOrientationLandscapeLeft UIInterfaceOrientationLandscapeRight UIInterfaceOrientationPortrait UIInterfaceOrientationPortraitUpsideDown";
				IPHONEOS_DEPLOYMENT_TARGET = 16.0;
				LD_RUNPATH_SEARCH_PATHS = (
					"$(inherited)",
					"@executable_path/Frameworks",
				);
				MARKETING_VERSION = 1.0;
				PRODUCT_BUNDLE_IDENTIFIER = ru.igorcodes.FLCCalculator;
				PRODUCT_NAME = "$(TARGET_NAME)";
				SUPPORTED_PLATFORMS = "iphoneos iphonesimulator";
				SUPPORTS_MACCATALYST = NO;
				SUPPORTS_MAC_DESIGNED_FOR_IPHONE_IPAD = NO;
				SUPPORTS_XR_DESIGNED_FOR_IPHONE_IPAD = NO;
				SWIFT_EMIT_LOC_STRINGS = YES;
				SWIFT_VERSION = 5.0;
				TARGETED_DEVICE_FAMILY = 1;
			};
			name = Debug;
		};
		0B6E543D2B810BA20078C110 /* Release */ = {
			isa = XCBuildConfiguration;
			buildSettings = {
				ALWAYS_EMBED_SWIFT_STANDARD_LIBRARIES = YES;
				ASSETCATALOG_COMPILER_APPICON_NAME = AppIcon;
				ASSETCATALOG_COMPILER_GLOBAL_ACCENT_COLOR_NAME = AccentColor;
				CODE_SIGN_ENTITLEMENTS = FLCCalculator/FLCCalculator.entitlements;
				CODE_SIGN_STYLE = Automatic;
				CURRENT_PROJECT_VERSION = 1;
				DEVELOPMENT_TEAM = Y43668Q2S4;
				GENERATE_INFOPLIST_FILE = YES;
				INFOPLIST_FILE = FLCCalculator/Info.plist;
				INFOPLIST_KEY_CFBundleDisplayName = "FLC Calculator";
				INFOPLIST_KEY_LSApplicationCategoryType = "public.app-category.business";
				INFOPLIST_KEY_UIApplicationSupportsIndirectInputEvents = YES;
				INFOPLIST_KEY_UILaunchStoryboardName = LaunchScreen.storyboard;
				INFOPLIST_KEY_UISupportedInterfaceOrientations = UIInterfaceOrientationPortrait;
				INFOPLIST_KEY_UISupportedInterfaceOrientations_iPad = "UIInterfaceOrientationLandscapeLeft UIInterfaceOrientationLandscapeRight UIInterfaceOrientationPortrait UIInterfaceOrientationPortraitUpsideDown";
				IPHONEOS_DEPLOYMENT_TARGET = 16.0;
				LD_RUNPATH_SEARCH_PATHS = (
					"$(inherited)",
					"@executable_path/Frameworks",
				);
				MARKETING_VERSION = 1.0;
				PRODUCT_BUNDLE_IDENTIFIER = ru.igorcodes.FLCCalculator;
				PRODUCT_NAME = "$(TARGET_NAME)";
				SUPPORTED_PLATFORMS = "iphoneos iphonesimulator";
				SUPPORTS_MACCATALYST = NO;
				SUPPORTS_MAC_DESIGNED_FOR_IPHONE_IPAD = NO;
				SUPPORTS_XR_DESIGNED_FOR_IPHONE_IPAD = NO;
				SWIFT_EMIT_LOC_STRINGS = YES;
				SWIFT_VERSION = 5.0;
				TARGETED_DEVICE_FAMILY = 1;
			};
			name = Release;
		};
		0B6E545F2B811B550078C110 /* Debug */ = {
			isa = XCBuildConfiguration;
			buildSettings = {
				ASSETCATALOG_COMPILER_GLOBAL_ACCENT_COLOR_NAME = AccentColor;
				ASSETCATALOG_COMPILER_WIDGET_BACKGROUND_COLOR_NAME = WidgetBackground;
				CODE_SIGN_STYLE = Automatic;
				CURRENT_PROJECT_VERSION = 1;
				DEVELOPMENT_TEAM = Y43668Q2S4;
				GENERATE_INFOPLIST_FILE = YES;
				INFOPLIST_FILE = Widgets/Info.plist;
				INFOPLIST_KEY_CFBundleDisplayName = Widgets;
				INFOPLIST_KEY_NSHumanReadableCopyright = "";
				IPHONEOS_DEPLOYMENT_TARGET = 16.0;
				LD_RUNPATH_SEARCH_PATHS = (
					"$(inherited)",
					"@executable_path/Frameworks",
					"@executable_path/../../Frameworks",
				);
				MARKETING_VERSION = 1.0;
				PRODUCT_BUNDLE_IDENTIFIER = ru.igorcodes.FLCCalculator.Widgets;
				PRODUCT_NAME = "$(TARGET_NAME)";
				SKIP_INSTALL = YES;
				SWIFT_EMIT_LOC_STRINGS = YES;
				SWIFT_VERSION = 5.0;
				TARGETED_DEVICE_FAMILY = "1,2";
			};
			name = Debug;
		};
		0B6E54602B811B550078C110 /* Release */ = {
			isa = XCBuildConfiguration;
			buildSettings = {
				ASSETCATALOG_COMPILER_GLOBAL_ACCENT_COLOR_NAME = AccentColor;
				ASSETCATALOG_COMPILER_WIDGET_BACKGROUND_COLOR_NAME = WidgetBackground;
				CODE_SIGN_STYLE = Automatic;
				CURRENT_PROJECT_VERSION = 1;
				DEVELOPMENT_TEAM = Y43668Q2S4;
				GENERATE_INFOPLIST_FILE = YES;
				INFOPLIST_FILE = Widgets/Info.plist;
				INFOPLIST_KEY_CFBundleDisplayName = Widgets;
				INFOPLIST_KEY_NSHumanReadableCopyright = "";
				IPHONEOS_DEPLOYMENT_TARGET = 16.0;
				LD_RUNPATH_SEARCH_PATHS = (
					"$(inherited)",
					"@executable_path/Frameworks",
					"@executable_path/../../Frameworks",
				);
				MARKETING_VERSION = 1.0;
				PRODUCT_BUNDLE_IDENTIFIER = ru.igorcodes.FLCCalculator.Widgets;
				PRODUCT_NAME = "$(TARGET_NAME)";
				SKIP_INSTALL = YES;
				SWIFT_EMIT_LOC_STRINGS = YES;
				SWIFT_VERSION = 5.0;
				TARGETED_DEVICE_FAMILY = "1,2";
			};
			name = Release;
		};
/* End XCBuildConfiguration section */

/* Begin XCConfigurationList section */
		0B6E541F2B810BA00078C110 /* Build configuration list for PBXProject "FLCCalculator" */ = {
			isa = XCConfigurationList;
			buildConfigurations = (
				0B6E54392B810BA20078C110 /* Debug */,
				0B6E543A2B810BA20078C110 /* Release */,
			);
			defaultConfigurationIsVisible = 0;
			defaultConfigurationName = Release;
		};
		0B6E543B2B810BA20078C110 /* Build configuration list for PBXNativeTarget "FLCCalculator" */ = {
			isa = XCConfigurationList;
			buildConfigurations = (
				0B6E543C2B810BA20078C110 /* Debug */,
				0B6E543D2B810BA20078C110 /* Release */,
			);
			defaultConfigurationIsVisible = 0;
			defaultConfigurationName = Release;
		};
		0B6E545E2B811B550078C110 /* Build configuration list for PBXNativeTarget "WidgetsExtension" */ = {
			isa = XCConfigurationList;
			buildConfigurations = (
				0B6E545F2B811B550078C110 /* Debug */,
				0B6E54602B811B550078C110 /* Release */,
			);
			defaultConfigurationIsVisible = 0;
			defaultConfigurationName = Release;
		};
/* End XCConfigurationList section */

/* Begin XCVersionGroup section */
		0B6E54302B810BA00078C110 /* FLCCalculator.xcdatamodeld */ = {
			isa = XCVersionGroup;
			children = (
				0B6E54312B810BA00078C110 /* FLCCalculator.xcdatamodel */,
			);
			currentVersion = 0B6E54312B810BA00078C110 /* FLCCalculator.xcdatamodel */;
			path = FLCCalculator.xcdatamodeld;
			sourceTree = "<group>";
			versionGroupType = wrapper.xcdatamodel;
		};
/* End XCVersionGroup section */
	};
	rootObject = 0B6E541C2B810BA00078C110 /* Project object */;
}
